
Microsoft Visual Studio Solution File, Format Version 12.00
# Visual Studio Version 16
VisualStudioVersion = 16.0.29920.165
MinimumVisualStudioVersion = 10.0.40219.1
Project("{FAE04EC0-301F-11D3-BF4B-00C04F79EFBC}") = "TP01Module09.UWP", "TP01Module09.UWP\TP01Module09.UWP.csproj", "{C841BB50-591A-4F42-A4BE-7B6990A9F188}"
EndProject
Project("{FAE04EC0-301F-11D3-BF4B-00C04F79EFBC}") = "TP01Module09.Android", "TP01Module09.Android\TP01Module09.Android.csproj", "{419EFB9E-AFF2-4D16-92EE-CBEA19B1A42F}"
EndProject
Project("{FAE04EC0-301F-11D3-BF4B-00C04F79EFBC}") = "TP01Module09.iOS", "TP01Module09.iOS\TP01Module09.iOS.csproj", "{C21FF20C-07CA-46DE-B259-E29CB7B4EA96}"
EndProject
Project("{FAE04EC0-301F-11D3-BF4B-00C04F79EFBC}") = "TP01Module09", "TP01Module09\TP01Module09.csproj", "{18BB0740-F2AF-4853-B2BF-C754FCF7DBA2}"
EndProject
Global
	GlobalSection(SolutionConfigurationPlatforms) = preSolution
		Debug|Any CPU = Debug|Any CPU
		Debug|ARM = Debug|ARM
		Debug|iPhone = Debug|iPhone
		Debug|iPhoneSimulator = Debug|iPhoneSimulator
		Debug|x64 = Debug|x64
		Debug|x86 = Debug|x86
		Release|Any CPU = Release|Any CPU
		Release|ARM = Release|ARM
		Release|iPhone = Release|iPhone
		Release|iPhoneSimulator = Release|iPhoneSimulator
		Release|x64 = Release|x64
		Release|x86 = Release|x86
	EndGlobalSection
	GlobalSection(ProjectConfigurationPlatforms) = postSolution
		{C841BB50-591A-4F42-A4BE-7B6990A9F188}.Debug|Any CPU.ActiveCfg = Debug|x86
		{C841BB50-591A-4F42-A4BE-7B6990A9F188}.Debug|Any CPU.Build.0 = Debug|x86
		{C841BB50-591A-4F42-A4BE-7B6990A9F188}.Debug|Any CPU.Deploy.0 = Debug|x86
		{C841BB50-591A-4F42-A4BE-7B6990A9F188}.Debug|ARM.ActiveCfg = Debug|ARM
		{C841BB50-591A-4F42-A4BE-7B6990A9F188}.Debug|ARM.Build.0 = Debug|ARM
		{C841BB50-591A-4F42-A4BE-7B6990A9F188}.Debug|ARM.Deploy.0 = Debug|ARM
		{C841BB50-591A-4F42-A4BE-7B6990A9F188}.Debug|iPhone.ActiveCfg = Debug|x86
		{C841BB50-591A-4F42-A4BE-7B6990A9F188}.Debug|iPhone.Build.0 = Debug|x86
		{C841BB50-591A-4F42-A4BE-7B6990A9F188}.Debug|iPhone.Deploy.0 = Debug|x86
		{C841BB50-591A-4F42-A4BE-7B6990A9F188}.Debug|iPhoneSimulator.ActiveCfg = Debug|x86
		{C841BB50-591A-4F42-A4BE-7B6990A9F188}.Debug|iPhoneSimulator.Build.0 = Debug|x86
		{C841BB50-591A-4F42-A4BE-7B6990A9F188}.Debug|iPhoneSimulator.Deploy.0 = Debug|x86
		{C841BB50-591A-4F42-A4BE-7B6990A9F188}.Debug|x64.ActiveCfg = Debug|x64
		{C841BB50-591A-4F42-A4BE-7B6990A9F188}.Debug|x64.Build.0 = Debug|x64
		{C841BB50-591A-4F42-A4BE-7B6990A9F188}.Debug|x64.Deploy.0 = Debug|x64
		{C841BB50-591A-4F42-A4BE-7B6990A9F188}.Debug|x86.ActiveCfg = Debug|x86
		{C841BB50-591A-4F42-A4BE-7B6990A9F188}.Debug|x86.Build.0 = Debug|x86
		{C841BB50-591A-4F42-A4BE-7B6990A9F188}.Debug|x86.Deploy.0 = Debug|x86
		{C841BB50-591A-4F42-A4BE-7B6990A9F188}.Release|Any CPU.ActiveCfg = Release|x86
		{C841BB50-591A-4F42-A4BE-7B6990A9F188}.Release|Any CPU.Build.0 = Release|x86
		{C841BB50-591A-4F42-A4BE-7B6990A9F188}.Release|Any CPU.Deploy.0 = Release|x86
		{C841BB50-591A-4F42-A4BE-7B6990A9F188}.Release|ARM.ActiveCfg = Release|ARM
		{C841BB50-591A-4F42-A4BE-7B6990A9F188}.Release|ARM.Build.0 = Release|ARM
		{C841BB50-591A-4F42-A4BE-7B6990A9F188}.Release|ARM.Deploy.0 = Release|ARM
		{C841BB50-591A-4F42-A4BE-7B6990A9F188}.Release|iPhone.ActiveCfg = Release|x86
		{C841BB50-591A-4F42-A4BE-7B6990A9F188}.Release|iPhone.Build.0 = Release|x86
		{C841BB50-591A-4F42-A4BE-7B6990A9F188}.Release|iPhone.Deploy.0 = Release|x86
		{C841BB50-591A-4F42-A4BE-7B6990A9F188}.Release|iPhoneSimulator.ActiveCfg = Release|x86
		{C841BB50-591A-4F42-A4BE-7B6990A9F188}.Release|iPhoneSimulator.Build.0 = Release|x86
		{C841BB50-591A-4F42-A4BE-7B6990A9F188}.Release|iPhoneSimulator.Deploy.0 = Release|x86
		{C841BB50-591A-4F42-A4BE-7B6990A9F188}.Release|x64.ActiveCfg = Release|x64
		{C841BB50-591A-4F42-A4BE-7B6990A9F188}.Release|x64.Build.0 = Release|x64
		{C841BB50-591A-4F42-A4BE-7B6990A9F188}.Release|x64.Deploy.0 = Release|x64
		{C841BB50-591A-4F42-A4BE-7B6990A9F188}.Release|x86.ActiveCfg = Release|x86
		{C841BB50-591A-4F42-A4BE-7B6990A9F188}.Release|x86.Build.0 = Release|x86
		{C841BB50-591A-4F42-A4BE-7B6990A9F188}.Release|x86.Deploy.0 = Release|x86
		{419EFB9E-AFF2-4D16-92EE-CBEA19B1A42F}.Debug|Any CPU.ActiveCfg = Debug|Any CPU
		{419EFB9E-AFF2-4D16-92EE-CBEA19B1A42F}.Debug|Any CPU.Build.0 = Debug|Any CPU
		{419EFB9E-AFF2-4D16-92EE-CBEA19B1A42F}.Debug|Any CPU.Deploy.0 = Debug|Any CPU
		{419EFB9E-AFF2-4D16-92EE-CBEA19B1A42F}.Debug|ARM.ActiveCfg = Debug|Any CPU
		{419EFB9E-AFF2-4D16-92EE-CBEA19B1A42F}.Debug|ARM.Build.0 = Debug|Any CPU
		{419EFB9E-AFF2-4D16-92EE-CBEA19B1A42F}.Debug|ARM.Deploy.0 = Debug|Any CPU
		{419EFB9E-AFF2-4D16-92EE-CBEA19B1A42F}.Debug|iPhone.ActiveCfg = Debug|Any CPU
		{419EFB9E-AFF2-4D16-92EE-CBEA19B1A42F}.Debug|iPhone.Build.0 = Debug|Any CPU
		{419EFB9E-AFF2-4D16-92EE-CBEA19B1A42F}.Debug|iPhone.Deploy.0 = Debug|Any CPU
		{419EFB9E-AFF2-4D16-92EE-CBEA19B1A42F}.Debug|iPhoneSimulator.ActiveCfg = Debug|Any CPU
		{419EFB9E-AFF2-4D16-92EE-CBEA19B1A42F}.Debug|iPhoneSimulator.Build.0 = Debug|Any CPU
		{419EFB9E-AFF2-4D16-92EE-CBEA19B1A42F}.Debug|iPhoneSimulator.Deploy.0 = Debug|Any CPU
		{419EFB9E-AFF2-4D16-92EE-CBEA19B1A42F}.Debug|x64.ActiveCfg = Debug|Any CPU
		{419EFB9E-AFF2-4D16-92EE-CBEA19B1A42F}.Debug|x64.Build.0 = Debug|Any CPU
		{419EFB9E-AFF2-4D16-92EE-CBEA19B1A42F}.Debug|x64.Deploy.0 = Debug|Any CPU
		{419EFB9E-AFF2-4D16-92EE-CBEA19B1A42F}.Debug|x86.ActiveCfg = Debug|Any CPU
		{419EFB9E-AFF2-4D16-92EE-CBEA19B1A42F}.Debug|x86.Build.0 = Debug|Any CPU
		{419EFB9E-AFF2-4D16-92EE-CBEA19B1A42F}.Debug|x86.Deploy.0 = Debug|Any CPU
		{419EFB9E-AFF2-4D16-92EE-CBEA19B1A42F}.Release|Any CPU.ActiveCfg = Release|Any CPU
		{419EFB9E-AFF2-4D16-92EE-CBEA19B1A42F}.Release|Any CPU.Build.0 = Release|Any CPU
		{419EFB9E-AFF2-4D16-92EE-CBEA19B1A42F}.Release|Any CPU.Deploy.0 = Release|Any CPU
		{419EFB9E-AFF2-4D16-92EE-CBEA19B1A42F}.Release|ARM.ActiveCfg = Release|Any CPU
		{419EFB9E-AFF2-4D16-92EE-CBEA19B1A42F}.Release|ARM.Build.0 = Release|Any CPU
		{419EFB9E-AFF2-4D16-92EE-CBEA19B1A42F}.Release|ARM.Deploy.0 = Release|Any CPU
		{419EFB9E-AFF2-4D16-92EE-CBEA19B1A42F}.Release|iPhone.ActiveCfg = Release|Any CPU
		{419EFB9E-AFF2-4D16-92EE-CBEA19B1A42F}.Release|iPhone.Build.0 = Release|Any CPU
		{419EFB9E-AFF2-4D16-92EE-CBEA19B1A42F}.Release|iPhone.Deploy.0 = Release|Any CPU
		{419EFB9E-AFF2-4D16-92EE-CBEA19B1A42F}.Release|iPhoneSimulator.ActiveCfg = Release|Any CPU
		{419EFB9E-AFF2-4D16-92EE-CBEA19B1A42F}.Release|iPhoneSimulator.Build.0 = Release|Any CPU
		{419EFB9E-AFF2-4D16-92EE-CBEA19B1A42F}.Release|iPhoneSimulator.Deploy.0 = Release|Any CPU
		{419EFB9E-AFF2-4D16-92EE-CBEA19B1A42F}.Release|x64.ActiveCfg = Release|Any CPU
		{419EFB9E-AFF2-4D16-92EE-CBEA19B1A42F}.Release|x64.Build.0 = Release|Any CPU
		{419EFB9E-AFF2-4D16-92EE-CBEA19B1A42F}.Release|x64.Deploy.0 = Release|Any CPU
		{419EFB9E-AFF2-4D16-92EE-CBEA19B1A42F}.Release|x86.ActiveCfg = Release|Any CPU
		{419EFB9E-AFF2-4D16-92EE-CBEA19B1A42F}.Release|x86.Build.0 = Release|Any CPU
		{419EFB9E-AFF2-4D16-92EE-CBEA19B1A42F}.Release|x86.Deploy.0 = Release|Any CPU
		{C21FF20C-07CA-46DE-B259-E29CB7B4EA96}.Debug|Any CPU.ActiveCfg = Debug|iPhone
		{C21FF20C-07CA-46DE-B259-E29CB7B4EA96}.Debug|Any CPU.Build.0 = Debug|iPhone
		{C21FF20C-07CA-46DE-B259-E29CB7B4EA96}.Debug|Any CPU.Deploy.0 = Debug|iPhone
		{C21FF20C-07CA-46DE-B259-E29CB7B4EA96}.Debug|ARM.ActiveCfg = Debug|iPhone
		{C21FF20C-07CA-46DE-B259-E29CB7B4EA96}.Debug|ARM.Build.0 = Debug|iPhone
		{C21FF20C-07CA-46DE-B259-E29CB7B4EA96}.Debug|ARM.Deploy.0 = Debug|iPhone
		{C21FF20C-07CA-46DE-B259-E29CB7B4EA96}.Debug|iPhone.ActiveCfg = Debug|iPhone
		{C21FF20C-07CA-46DE-B259-E29CB7B4EA96}.Debug|iPhone.Build.0 = Debug|iPhone
		{C21FF20C-07CA-46DE-B259-E29CB7B4EA96}.Debug|iPhone.Deploy.0 = Debug|iPhone
		{C21FF20C-07CA-46DE-B259-E29CB7B4EA96}.Debug|iPhoneSimulator.ActiveCfg = Debug|iPhoneSimulator
		{C21FF20C-07CA-46DE-B259-E29CB7B4EA96}.Debug|iPhoneSimulator.Build.0 = Debug|iPhoneSimulator
		{C21FF20C-07CA-46DE-B259-E29CB7B4EA96}.Debug|iPhoneSimulator.Deploy.0 = Debug|iPhoneSimulator
		{C21FF20C-07CA-46DE-B259-E29CB7B4EA96}.Debug|x64.ActiveCfg = Debug|iPhone
		{C21FF20C-07CA-46DE-B259-E29CB7B4EA96}.Debug|x64.Build.0 = Debug|iPhone
		{C21FF20C-07CA-46DE-B259-E29CB7B4EA96}.Debug|x64.Deploy.0 = Debug|iPhone
		{C21FF20C-07CA-46DE-B259-E29CB7B4EA96}.Debug|x86.ActiveCfg = Debug|iPhone
		{C21FF20C-07CA-46DE-B259-E29CB7B4EA96}.Debug|x86.Build.0 = Debug|iPhone
		{C21FF20C-07CA-46DE-B259-E29CB7B4EA96}.Debug|x86.Deploy.0 = Debug|iPhone
		{C21FF20C-07CA-46DE-B259-E29CB7B4EA96}.Release|Any CPU.ActiveCfg = Release|iPhone
		{C21FF20C-07CA-46DE-B259-E29CB7B4EA96}.Release|Any CPU.Build.0 = Release|iPhone
		{C21FF20C-07CA-46DE-B259-E29CB7B4EA96}.Release|Any CPU.Deploy.0 = Release|iPhone
		{C21FF20C-07CA-46DE-B259-E29CB7B4EA96}.Release|ARM.ActiveCfg = Release|iPhone
		{C21FF20C-07CA-46DE-B259-E29CB7B4EA96}.Release|ARM.Build.0 = Release|iPhone
		{C21FF20C-07CA-46DE-B259-E29CB7B4EA96}.Release|ARM.Deploy.0 = Release|iPhone
		{C21FF20C-07CA-46DE-B259-E29CB7B4EA96}.Release|iPhone.ActiveCfg = Release|iPhone
		{C21FF20C-07CA-46DE-B259-E29CB7B4EA96}.Release|iPhone.Build.0 = Release|iPhone
		{C21FF20C-07CA-46DE-B259-E29CB7B4EA96}.Release|iPhone.Deploy.0 = Release|iPhone
		{C21FF20C-07CA-46DE-B259-E29CB7B4EA96}.Release|iPhoneSimulator.ActiveCfg = Release|iPhoneSimulator
		{C21FF20C-07CA-46DE-B259-E29CB7B4EA96}.Release|iPhoneSimulator.Build.0 = Release|iPhoneSimulator
		{C21FF20C-07CA-46DE-B259-E29CB7B4EA96}.Release|iPhoneSimulator.Deploy.0 = Release|iPhoneSimulator
		{C21FF20C-07CA-46DE-B259-E29CB7B4EA96}.Release|x64.ActiveCfg = Release|iPhone
		{C21FF20C-07CA-46DE-B259-E29CB7B4EA96}.Release|x64.Build.0 = Release|iPhone
		{C21FF20C-07CA-46DE-B259-E29CB7B4EA96}.Release|x64.Deploy.0 = Release|iPhone
		{C21FF20C-07CA-46DE-B259-E29CB7B4EA96}.Release|x86.ActiveCfg = Release|iPhone
		{C21FF20C-07CA-46DE-B259-E29CB7B4EA96}.Release|x86.Build.0 = Release|iPhone
		{C21FF20C-07CA-46DE-B259-E29CB7B4EA96}.Release|x86.Deploy.0 = Release|iPhone
		{18BB0740-F2AF-4853-B2BF-C754FCF7DBA2}.Debug|Any CPU.ActiveCfg = Debug|Any CPU
		{18BB0740-F2AF-4853-B2BF-C754FCF7DBA2}.Debug|Any CPU.Build.0 = Debug|Any CPU
		{18BB0740-F2AF-4853-B2BF-C754FCF7DBA2}.Debug|Any CPU.Deploy.0 = Debug|Any CPU
		{18BB0740-F2AF-4853-B2BF-C754FCF7DBA2}.Debug|ARM.ActiveCfg = Debug|Any CPU
		{18BB0740-F2AF-4853-B2BF-C754FCF7DBA2}.Debug|ARM.Build.0 = Debug|Any CPU
		{18BB0740-F2AF-4853-B2BF-C754FCF7DBA2}.Debug|ARM.Deploy.0 = Debug|Any CPU
		{18BB0740-F2AF-4853-B2BF-C754FCF7DBA2}.Debug|iPhone.ActiveCfg = Debug|Any CPU
		{18BB0740-F2AF-4853-B2BF-C754FCF7DBA2}.Debug|iPhone.Build.0 = Debug|Any CPU
		{18BB0740-F2AF-4853-B2BF-C754FCF7DBA2}.Debug|iPhone.Deploy.0 = Debug|Any CPU
		{18BB0740-F2AF-4853-B2BF-C754FCF7DBA2}.Debug|iPhoneSimulator.ActiveCfg = Debug|Any CPU
		{18BB0740-F2AF-4853-B2BF-C754FCF7DBA2}.Debug|iPhoneSimulator.Build.0 = Debug|Any CPU
		{18BB0740-F2AF-4853-B2BF-C754FCF7DBA2}.Debug|iPhoneSimulator.Deploy.0 = Debug|Any CPU
		{18BB0740-F2AF-4853-B2BF-C754FCF7DBA2}.Debug|x64.ActiveCfg = Debug|Any CPU
		{18BB0740-F2AF-4853-B2BF-C754FCF7DBA2}.Debug|x64.Build.0 = Debug|Any CPU
		{18BB0740-F2AF-4853-B2BF-C754FCF7DBA2}.Debug|x64.Deploy.0 = Debug|Any CPU
		{18BB0740-F2AF-4853-B2BF-C754FCF7DBA2}.Debug|x86.ActiveCfg = Debug|Any CPU
		{18BB0740-F2AF-4853-B2BF-C754FCF7DBA2}.Debug|x86.Build.0 = Debug|Any CPU
		{18BB0740-F2AF-4853-B2BF-C754FCF7DBA2}.Debug|x86.Deploy.0 = Debug|Any CPU
		{18BB0740-F2AF-4853-B2BF-C754FCF7DBA2}.Release|Any CPU.ActiveCfg = Release|Any CPU
		{18BB0740-F2AF-4853-B2BF-C754FCF7DBA2}.Release|Any CPU.Build.0 = Release|Any CPU
		{18BB0740-F2AF-4853-B2BF-C754FCF7DBA2}.Release|Any CPU.Deploy.0 = Release|Any CPU
		{18BB0740-F2AF-4853-B2BF-C754FCF7DBA2}.Release|ARM.ActiveCfg = Release|Any CPU
		{18BB0740-F2AF-4853-B2BF-C754FCF7DBA2}.Release|ARM.Build.0 = Release|Any CPU
		{18BB0740-F2AF-4853-B2BF-C754FCF7DBA2}.Release|ARM.Deploy.0 = Release|Any CPU
		{18BB0740-F2AF-4853-B2BF-C754FCF7DBA2}.Release|iPhone.ActiveCfg = Release|Any CPU
		{18BB0740-F2AF-4853-B2BF-C754FCF7DBA2}.Release|iPhone.Build.0 = Release|Any CPU
		{18BB0740-F2AF-4853-B2BF-C754FCF7DBA2}.Release|iPhone.Deploy.0 = Release|Any CPU
		{18BB0740-F2AF-4853-B2BF-C754FCF7DBA2}.Release|iPhoneSimulator.ActiveCfg = Release|Any CPU
		{18BB0740-F2AF-4853-B2BF-C754FCF7DBA2}.Release|iPhoneSimulator.Build.0 = Release|Any CPU
		{18BB0740-F2AF-4853-B2BF-C754FCF7DBA2}.Release|iPhoneSimulator.Deploy.0 = Release|Any CPU
		{18BB0740-F2AF-4853-B2BF-C754FCF7DBA2}.Release|x64.ActiveCfg = Release|Any CPU
		{18BB0740-F2AF-4853-B2BF-C754FCF7DBA2}.Release|x64.Build.0 = Release|Any CPU
		{18BB0740-F2AF-4853-B2BF-C754FCF7DBA2}.Release|x64.Deploy.0 = Release|Any CPU
		{18BB0740-F2AF-4853-B2BF-C754FCF7DBA2}.Release|x86.ActiveCfg = Release|Any CPU
		{18BB0740-F2AF-4853-B2BF-C754FCF7DBA2}.Release|x86.Build.0 = Release|Any CPU
		{18BB0740-F2AF-4853-B2BF-C754FCF7DBA2}.Release|x86.Deploy.0 = Release|Any CPU
	EndGlobalSection
	GlobalSection(SolutionProperties) = preSolution
		HideSolutionNode = FALSE
	EndGlobalSection
	GlobalSection(ExtensibilityGlobals) = postSolution
		SolutionGuid = {E33E2929-AE66-4C63-9A46-3334D3181F33}
	EndGlobalSection
EndGlobal
