
Microsoft Visual Studio Solution File, Format Version 12.00
# Visual Studio Version 16
VisualStudioVersion = 16.0.29920.165
MinimumVisualStudioVersion = 10.0.40219.1
Project("{FAE04EC0-301F-11D3-BF4B-00C04F79EFBC}") = "TP01Module07.UWP", "TP01Module07.UWP\TP01Module07.UWP.csproj", "{F51A6556-A0D7-4FC6-8E0F-BC2317157C06}"
EndProject
Project("{FAE04EC0-301F-11D3-BF4B-00C04F79EFBC}") = "TP01Module07.Android", "TP01Module07.Android\TP01Module07.Android.csproj", "{AE1FEF8B-D50D-40DB-86A6-DFF24200ED31}"
EndProject
Project("{FAE04EC0-301F-11D3-BF4B-00C04F79EFBC}") = "TP01Module07.iOS", "TP01Module07.iOS\TP01Module07.iOS.csproj", "{99EA8502-FDBA-4766-A249-86F3F5669A65}"
EndProject
Project("{FAE04EC0-301F-11D3-BF4B-00C04F79EFBC}") = "TP01Module07", "TP01Module07\TP01Module07.csproj", "{8426CAF5-C5A6-4A24-B60F-286F298745FC}"
EndProject
Global
	GlobalSection(SolutionConfigurationPlatforms) = preSolution
		Debug|Any CPU = Debug|Any CPU
		Debug|ARM = Debug|ARM
		Debug|iPhone = Debug|iPhone
		Debug|iPhoneSimulator = Debug|iPhoneSimulator
		Debug|x64 = Debug|x64
		Debug|x86 = Debug|x86
		Release|Any CPU = Release|Any CPU
		Release|ARM = Release|ARM
		Release|iPhone = Release|iPhone
		Release|iPhoneSimulator = Release|iPhoneSimulator
		Release|x64 = Release|x64
		Release|x86 = Release|x86
	EndGlobalSection
	GlobalSection(ProjectConfigurationPlatforms) = postSolution
		{F51A6556-A0D7-4FC6-8E0F-BC2317157C06}.Debug|Any CPU.ActiveCfg = Debug|x86
		{F51A6556-A0D7-4FC6-8E0F-BC2317157C06}.Debug|Any CPU.Build.0 = Debug|x86
		{F51A6556-A0D7-4FC6-8E0F-BC2317157C06}.Debug|Any CPU.Deploy.0 = Debug|x86
		{F51A6556-A0D7-4FC6-8E0F-BC2317157C06}.Debug|ARM.ActiveCfg = Debug|ARM
		{F51A6556-A0D7-4FC6-8E0F-BC2317157C06}.Debug|ARM.Build.0 = Debug|ARM
		{F51A6556-A0D7-4FC6-8E0F-BC2317157C06}.Debug|ARM.Deploy.0 = Debug|ARM
		{F51A6556-A0D7-4FC6-8E0F-BC2317157C06}.Debug|iPhone.ActiveCfg = Debug|x86
		{F51A6556-A0D7-4FC6-8E0F-BC2317157C06}.Debug|iPhone.Build.0 = Debug|x86
		{F51A6556-A0D7-4FC6-8E0F-BC2317157C06}.Debug|iPhone.Deploy.0 = Debug|x86
		{F51A6556-A0D7-4FC6-8E0F-BC2317157C06}.Debug|iPhoneSimulator.ActiveCfg = Debug|x86
		{F51A6556-A0D7-4FC6-8E0F-BC2317157C06}.Debug|iPhoneSimulator.Build.0 = Debug|x86
		{F51A6556-A0D7-4FC6-8E0F-BC2317157C06}.Debug|iPhoneSimulator.Deploy.0 = Debug|x86
		{F51A6556-A0D7-4FC6-8E0F-BC2317157C06}.Debug|x64.ActiveCfg = Debug|x64
		{F51A6556-A0D7-4FC6-8E0F-BC2317157C06}.Debug|x64.Build.0 = Debug|x64
		{F51A6556-A0D7-4FC6-8E0F-BC2317157C06}.Debug|x64.Deploy.0 = Debug|x64
		{F51A6556-A0D7-4FC6-8E0F-BC2317157C06}.Debug|x86.ActiveCfg = Debug|x86
		{F51A6556-A0D7-4FC6-8E0F-BC2317157C06}.Debug|x86.Build.0 = Debug|x86
		{F51A6556-A0D7-4FC6-8E0F-BC2317157C06}.Debug|x86.Deploy.0 = Debug|x86
		{F51A6556-A0D7-4FC6-8E0F-BC2317157C06}.Release|Any CPU.ActiveCfg = Release|x86
		{F51A6556-A0D7-4FC6-8E0F-BC2317157C06}.Release|Any CPU.Build.0 = Release|x86
		{F51A6556-A0D7-4FC6-8E0F-BC2317157C06}.Release|Any CPU.Deploy.0 = Release|x86
		{F51A6556-A0D7-4FC6-8E0F-BC2317157C06}.Release|ARM.ActiveCfg = Release|ARM
		{F51A6556-A0D7-4FC6-8E0F-BC2317157C06}.Release|ARM.Build.0 = Release|ARM
		{F51A6556-A0D7-4FC6-8E0F-BC2317157C06}.Release|ARM.Deploy.0 = Release|ARM
		{F51A6556-A0D7-4FC6-8E0F-BC2317157C06}.Release|iPhone.ActiveCfg = Release|x86
		{F51A6556-A0D7-4FC6-8E0F-BC2317157C06}.Release|iPhone.Build.0 = Release|x86
		{F51A6556-A0D7-4FC6-8E0F-BC2317157C06}.Release|iPhone.Deploy.0 = Release|x86
		{F51A6556-A0D7-4FC6-8E0F-BC2317157C06}.Release|iPhoneSimulator.ActiveCfg = Release|x86
		{F51A6556-A0D7-4FC6-8E0F-BC2317157C06}.Release|iPhoneSimulator.Build.0 = Release|x86
		{F51A6556-A0D7-4FC6-8E0F-BC2317157C06}.Release|iPhoneSimulator.Deploy.0 = Release|x86
		{F51A6556-A0D7-4FC6-8E0F-BC2317157C06}.Release|x64.ActiveCfg = Release|x64
		{F51A6556-A0D7-4FC6-8E0F-BC2317157C06}.Release|x64.Build.0 = Release|x64
		{F51A6556-A0D7-4FC6-8E0F-BC2317157C06}.Release|x64.Deploy.0 = Release|x64
		{F51A6556-A0D7-4FC6-8E0F-BC2317157C06}.Release|x86.ActiveCfg = Release|x86
		{F51A6556-A0D7-4FC6-8E0F-BC2317157C06}.Release|x86.Build.0 = Release|x86
		{F51A6556-A0D7-4FC6-8E0F-BC2317157C06}.Release|x86.Deploy.0 = Release|x86
		{AE1FEF8B-D50D-40DB-86A6-DFF24200ED31}.Debug|Any CPU.ActiveCfg = Debug|Any CPU
		{AE1FEF8B-D50D-40DB-86A6-DFF24200ED31}.Debug|Any CPU.Build.0 = Debug|Any CPU
		{AE1FEF8B-D50D-40DB-86A6-DFF24200ED31}.Debug|Any CPU.Deploy.0 = Debug|Any CPU
		{AE1FEF8B-D50D-40DB-86A6-DFF24200ED31}.Debug|ARM.ActiveCfg = Debug|Any CPU
		{AE1FEF8B-D50D-40DB-86A6-DFF24200ED31}.Debug|ARM.Build.0 = Debug|Any CPU
		{AE1FEF8B-D50D-40DB-86A6-DFF24200ED31}.Debug|ARM.Deploy.0 = Debug|Any CPU
		{AE1FEF8B-D50D-40DB-86A6-DFF24200ED31}.Debug|iPhone.ActiveCfg = Debug|Any CPU
		{AE1FEF8B-D50D-40DB-86A6-DFF24200ED31}.Debug|iPhone.Build.0 = Debug|Any CPU
		{AE1FEF8B-D50D-40DB-86A6-DFF24200ED31}.Debug|iPhone.Deploy.0 = Debug|Any CPU
		{AE1FEF8B-D50D-40DB-86A6-DFF24200ED31}.Debug|iPhoneSimulator.ActiveCfg = Debug|Any CPU
		{AE1FEF8B-D50D-40DB-86A6-DFF24200ED31}.Debug|iPhoneSimulator.Build.0 = Debug|Any CPU
		{AE1FEF8B-D50D-40DB-86A6-DFF24200ED31}.Debug|iPhoneSimulator.Deploy.0 = Debug|Any CPU
		{AE1FEF8B-D50D-40DB-86A6-DFF24200ED31}.Debug|x64.ActiveCfg = Debug|Any CPU
		{AE1FEF8B-D50D-40DB-86A6-DFF24200ED31}.Debug|x64.Build.0 = Debug|Any CPU
		{AE1FEF8B-D50D-40DB-86A6-DFF24200ED31}.Debug|x64.Deploy.0 = Debug|Any CPU
		{AE1FEF8B-D50D-40DB-86A6-DFF24200ED31}.Debug|x86.ActiveCfg = Debug|Any CPU
		{AE1FEF8B-D50D-40DB-86A6-DFF24200ED31}.Debug|x86.Build.0 = Debug|Any CPU
		{AE1FEF8B-D50D-40DB-86A6-DFF24200ED31}.Debug|x86.Deploy.0 = Debug|Any CPU
		{AE1FEF8B-D50D-40DB-86A6-DFF24200ED31}.Release|Any CPU.ActiveCfg = Release|Any CPU
		{AE1FEF8B-D50D-40DB-86A6-DFF24200ED31}.Release|Any CPU.Build.0 = Release|Any CPU
		{AE1FEF8B-D50D-40DB-86A6-DFF24200ED31}.Release|Any CPU.Deploy.0 = Release|Any CPU
		{AE1FEF8B-D50D-40DB-86A6-DFF24200ED31}.Release|ARM.ActiveCfg = Release|Any CPU
		{AE1FEF8B-D50D-40DB-86A6-DFF24200ED31}.Release|ARM.Build.0 = Release|Any CPU
		{AE1FEF8B-D50D-40DB-86A6-DFF24200ED31}.Release|ARM.Deploy.0 = Release|Any CPU
		{AE1FEF8B-D50D-40DB-86A6-DFF24200ED31}.Release|iPhone.ActiveCfg = Release|Any CPU
		{AE1FEF8B-D50D-40DB-86A6-DFF24200ED31}.Release|iPhone.Build.0 = Release|Any CPU
		{AE1FEF8B-D50D-40DB-86A6-DFF24200ED31}.Release|iPhone.Deploy.0 = Release|Any CPU
		{AE1FEF8B-D50D-40DB-86A6-DFF24200ED31}.Release|iPhoneSimulator.ActiveCfg = Release|Any CPU
		{AE1FEF8B-D50D-40DB-86A6-DFF24200ED31}.Release|iPhoneSimulator.Build.0 = Release|Any CPU
		{AE1FEF8B-D50D-40DB-86A6-DFF24200ED31}.Release|iPhoneSimulator.Deploy.0 = Release|Any CPU
		{AE1FEF8B-D50D-40DB-86A6-DFF24200ED31}.Release|x64.ActiveCfg = Release|Any CPU
		{AE1FEF8B-D50D-40DB-86A6-DFF24200ED31}.Release|x64.Build.0 = Release|Any CPU
		{AE1FEF8B-D50D-40DB-86A6-DFF24200ED31}.Release|x64.Deploy.0 = Release|Any CPU
		{AE1FEF8B-D50D-40DB-86A6-DFF24200ED31}.Release|x86.ActiveCfg = Release|Any CPU
		{AE1FEF8B-D50D-40DB-86A6-DFF24200ED31}.Release|x86.Build.0 = Release|Any CPU
		{AE1FEF8B-D50D-40DB-86A6-DFF24200ED31}.Release|x86.Deploy.0 = Release|Any CPU
		{99EA8502-FDBA-4766-A249-86F3F5669A65}.Debug|Any CPU.ActiveCfg = Debug|iPhone
		{99EA8502-FDBA-4766-A249-86F3F5669A65}.Debug|Any CPU.Build.0 = Debug|iPhone
		{99EA8502-FDBA-4766-A249-86F3F5669A65}.Debug|Any CPU.Deploy.0 = Debug|iPhone
		{99EA8502-FDBA-4766-A249-86F3F5669A65}.Debug|ARM.ActiveCfg = Debug|iPhone
		{99EA8502-FDBA-4766-A249-86F3F5669A65}.Debug|ARM.Build.0 = Debug|iPhone
		{99EA8502-FDBA-4766-A249-86F3F5669A65}.Debug|ARM.Deploy.0 = Debug|iPhone
		{99EA8502-FDBA-4766-A249-86F3F5669A65}.Debug|iPhone.ActiveCfg = Debug|iPhone
		{99EA8502-FDBA-4766-A249-86F3F5669A65}.Debug|iPhone.Build.0 = Debug|iPhone
		{99EA8502-FDBA-4766-A249-86F3F5669A65}.Debug|iPhone.Deploy.0 = Debug|iPhone
		{99EA8502-FDBA-4766-A249-86F3F5669A65}.Debug|iPhoneSimulator.ActiveCfg = Debug|iPhoneSimulator
		{99EA8502-FDBA-4766-A249-86F3F5669A65}.Debug|iPhoneSimulator.Build.0 = Debug|iPhoneSimulator
		{99EA8502-FDBA-4766-A249-86F3F5669A65}.Debug|iPhoneSimulator.Deploy.0 = Debug|iPhoneSimulator
		{99EA8502-FDBA-4766-A249-86F3F5669A65}.Debug|x64.ActiveCfg = Debug|iPhone
		{99EA8502-FDBA-4766-A249-86F3F5669A65}.Debug|x64.Build.0 = Debug|iPhone
		{99EA8502-FDBA-4766-A249-86F3F5669A65}.Debug|x64.Deploy.0 = Debug|iPhone
		{99EA8502-FDBA-4766-A249-86F3F5669A65}.Debug|x86.ActiveCfg = Debug|iPhone
		{99EA8502-FDBA-4766-A249-86F3F5669A65}.Debug|x86.Build.0 = Debug|iPhone
		{99EA8502-FDBA-4766-A249-86F3F5669A65}.Debug|x86.Deploy.0 = Debug|iPhone
		{99EA8502-FDBA-4766-A249-86F3F5669A65}.Release|Any CPU.ActiveCfg = Release|iPhone
		{99EA8502-FDBA-4766-A249-86F3F5669A65}.Release|Any CPU.Build.0 = Release|iPhone
		{99EA8502-FDBA-4766-A249-86F3F5669A65}.Release|Any CPU.Deploy.0 = Release|iPhone
		{99EA8502-FDBA-4766-A249-86F3F5669A65}.Release|ARM.ActiveCfg = Release|iPhone
		{99EA8502-FDBA-4766-A249-86F3F5669A65}.Release|ARM.Build.0 = Release|iPhone
		{99EA8502-FDBA-4766-A249-86F3F5669A65}.Release|ARM.Deploy.0 = Release|iPhone
		{99EA8502-FDBA-4766-A249-86F3F5669A65}.Release|iPhone.ActiveCfg = Release|iPhone
		{99EA8502-FDBA-4766-A249-86F3F5669A65}.Release|iPhone.Build.0 = Release|iPhone
		{99EA8502-FDBA-4766-A249-86F3F5669A65}.Release|iPhone.Deploy.0 = Release|iPhone
		{99EA8502-FDBA-4766-A249-86F3F5669A65}.Release|iPhoneSimulator.ActiveCfg = Release|iPhoneSimulator
		{99EA8502-FDBA-4766-A249-86F3F5669A65}.Release|iPhoneSimulator.Build.0 = Release|iPhoneSimulator
		{99EA8502-FDBA-4766-A249-86F3F5669A65}.Release|iPhoneSimulator.Deploy.0 = Release|iPhoneSimulator
		{99EA8502-FDBA-4766-A249-86F3F5669A65}.Release|x64.ActiveCfg = Release|iPhone
		{99EA8502-FDBA-4766-A249-86F3F5669A65}.Release|x64.Build.0 = Release|iPhone
		{99EA8502-FDBA-4766-A249-86F3F5669A65}.Release|x64.Deploy.0 = Release|iPhone
		{99EA8502-FDBA-4766-A249-86F3F5669A65}.Release|x86.ActiveCfg = Release|iPhone
		{99EA8502-FDBA-4766-A249-86F3F5669A65}.Release|x86.Build.0 = Release|iPhone
		{99EA8502-FDBA-4766-A249-86F3F5669A65}.Release|x86.Deploy.0 = Release|iPhone
		{8426CAF5-C5A6-4A24-B60F-286F298745FC}.Debug|Any CPU.ActiveCfg = Debug|Any CPU
		{8426CAF5-C5A6-4A24-B60F-286F298745FC}.Debug|Any CPU.Build.0 = Debug|Any CPU
		{8426CAF5-C5A6-4A24-B60F-286F298745FC}.Debug|Any CPU.Deploy.0 = Debug|Any CPU
		{8426CAF5-C5A6-4A24-B60F-286F298745FC}.Debug|ARM.ActiveCfg = Debug|Any CPU
		{8426CAF5-C5A6-4A24-B60F-286F298745FC}.Debug|ARM.Build.0 = Debug|Any CPU
		{8426CAF5-C5A6-4A24-B60F-286F298745FC}.Debug|ARM.Deploy.0 = Debug|Any CPU
		{8426CAF5-C5A6-4A24-B60F-286F298745FC}.Debug|iPhone.ActiveCfg = Debug|Any CPU
		{8426CAF5-C5A6-4A24-B60F-286F298745FC}.Debug|iPhone.Build.0 = Debug|Any CPU
		{8426CAF5-C5A6-4A24-B60F-286F298745FC}.Debug|iPhone.Deploy.0 = Debug|Any CPU
		{8426CAF5-C5A6-4A24-B60F-286F298745FC}.Debug|iPhoneSimulator.ActiveCfg = Debug|Any CPU
		{8426CAF5-C5A6-4A24-B60F-286F298745FC}.Debug|iPhoneSimulator.Build.0 = Debug|Any CPU
		{8426CAF5-C5A6-4A24-B60F-286F298745FC}.Debug|iPhoneSimulator.Deploy.0 = Debug|Any CPU
		{8426CAF5-C5A6-4A24-B60F-286F298745FC}.Debug|x64.ActiveCfg = Debug|Any CPU
		{8426CAF5-C5A6-4A24-B60F-286F298745FC}.Debug|x64.Build.0 = Debug|Any CPU
		{8426CAF5-C5A6-4A24-B60F-286F298745FC}.Debug|x64.Deploy.0 = Debug|Any CPU
		{8426CAF5-C5A6-4A24-B60F-286F298745FC}.Debug|x86.ActiveCfg = Debug|Any CPU
		{8426CAF5-C5A6-4A24-B60F-286F298745FC}.Debug|x86.Build.0 = Debug|Any CPU
		{8426CAF5-C5A6-4A24-B60F-286F298745FC}.Debug|x86.Deploy.0 = Debug|Any CPU
		{8426CAF5-C5A6-4A24-B60F-286F298745FC}.Release|Any CPU.ActiveCfg = Release|Any CPU
		{8426CAF5-C5A6-4A24-B60F-286F298745FC}.Release|Any CPU.Build.0 = Release|Any CPU
		{8426CAF5-C5A6-4A24-B60F-286F298745FC}.Release|Any CPU.Deploy.0 = Release|Any CPU
		{8426CAF5-C5A6-4A24-B60F-286F298745FC}.Release|ARM.ActiveCfg = Release|Any CPU
		{8426CAF5-C5A6-4A24-B60F-286F298745FC}.Release|ARM.Build.0 = Release|Any CPU
		{8426CAF5-C5A6-4A24-B60F-286F298745FC}.Release|ARM.Deploy.0 = Release|Any CPU
		{8426CAF5-C5A6-4A24-B60F-286F298745FC}.Release|iPhone.ActiveCfg = Release|Any CPU
		{8426CAF5-C5A6-4A24-B60F-286F298745FC}.Release|iPhone.Build.0 = Release|Any CPU
		{8426CAF5-C5A6-4A24-B60F-286F298745FC}.Release|iPhone.Deploy.0 = Release|Any CPU
		{8426CAF5-C5A6-4A24-B60F-286F298745FC}.Release|iPhoneSimulator.ActiveCfg = Release|Any CPU
		{8426CAF5-C5A6-4A24-B60F-286F298745FC}.Release|iPhoneSimulator.Build.0 = Release|Any CPU
		{8426CAF5-C5A6-4A24-B60F-286F298745FC}.Release|iPhoneSimulator.Deploy.0 = Release|Any CPU
		{8426CAF5-C5A6-4A24-B60F-286F298745FC}.Release|x64.ActiveCfg = Release|Any CPU
		{8426CAF5-C5A6-4A24-B60F-286F298745FC}.Release|x64.Build.0 = Release|Any CPU
		{8426CAF5-C5A6-4A24-B60F-286F298745FC}.Release|x64.Deploy.0 = Release|Any CPU
		{8426CAF5-C5A6-4A24-B60F-286F298745FC}.Release|x86.ActiveCfg = Release|Any CPU
		{8426CAF5-C5A6-4A24-B60F-286F298745FC}.Release|x86.Build.0 = Release|Any CPU
		{8426CAF5-C5A6-4A24-B60F-286F298745FC}.Release|x86.Deploy.0 = Release|Any CPU
	EndGlobalSection
	GlobalSection(SolutionProperties) = preSolution
		HideSolutionNode = FALSE
	EndGlobalSection
	GlobalSection(ExtensibilityGlobals) = postSolution
		SolutionGuid = {609EDB5C-E7F1-40B0-A8C8-45A30BBA26B5}
	EndGlobalSection
EndGlobal
