
Microsoft Visual Studio Solution File, Format Version 12.00
# Visual Studio Version 16
VisualStudioVersion = 16.0.29920.165
MinimumVisualStudioVersion = 10.0.40219.1
Project("{FAE04EC0-301F-11D3-BF4B-00C04F79EFBC}") = "TP01Module06.UWP", "TP01Module06.UWP\TP01Module06.UWP.csproj", "{E30C0A26-2C83-46ED-AFD8-868B62051D56}"
EndProject
Project("{FAE04EC0-301F-11D3-BF4B-00C04F79EFBC}") = "TP01Module06.Android", "TP01Module06.Android\TP01Module06.Android.csproj", "{2D49B6DD-91D0-491B-A535-729790D82CBF}"
EndProject
Project("{FAE04EC0-301F-11D3-BF4B-00C04F79EFBC}") = "TP01Module06.iOS", "TP01Module06.iOS\TP01Module06.iOS.csproj", "{2EF27913-D0AC-4F03-BAC1-B2D96ACC7AEA}"
EndProject
Project("{FAE04EC0-301F-11D3-BF4B-00C04F79EFBC}") = "TP01Module06", "TP01Module06\TP01Module06.csproj", "{5E2DDD3D-8C4E-4406-9222-9D7DE50117CF}"
EndProject
Global
	GlobalSection(SolutionConfigurationPlatforms) = preSolution
		Debug|Any CPU = Debug|Any CPU
		Debug|ARM = Debug|ARM
		Debug|iPhone = Debug|iPhone
		Debug|iPhoneSimulator = Debug|iPhoneSimulator
		Debug|x64 = Debug|x64
		Debug|x86 = Debug|x86
		Release|Any CPU = Release|Any CPU
		Release|ARM = Release|ARM
		Release|iPhone = Release|iPhone
		Release|iPhoneSimulator = Release|iPhoneSimulator
		Release|x64 = Release|x64
		Release|x86 = Release|x86
	EndGlobalSection
	GlobalSection(ProjectConfigurationPlatforms) = postSolution
		{E30C0A26-2C83-46ED-AFD8-868B62051D56}.Debug|Any CPU.ActiveCfg = Debug|x86
		{E30C0A26-2C83-46ED-AFD8-868B62051D56}.Debug|Any CPU.Build.0 = Debug|x86
		{E30C0A26-2C83-46ED-AFD8-868B62051D56}.Debug|Any CPU.Deploy.0 = Debug|x86
		{E30C0A26-2C83-46ED-AFD8-868B62051D56}.Debug|ARM.ActiveCfg = Debug|ARM
		{E30C0A26-2C83-46ED-AFD8-868B62051D56}.Debug|ARM.Build.0 = Debug|ARM
		{E30C0A26-2C83-46ED-AFD8-868B62051D56}.Debug|ARM.Deploy.0 = Debug|ARM
		{E30C0A26-2C83-46ED-AFD8-868B62051D56}.Debug|iPhone.ActiveCfg = Debug|x86
		{E30C0A26-2C83-46ED-AFD8-868B62051D56}.Debug|iPhone.Build.0 = Debug|x86
		{E30C0A26-2C83-46ED-AFD8-868B62051D56}.Debug|iPhone.Deploy.0 = Debug|x86
		{E30C0A26-2C83-46ED-AFD8-868B62051D56}.Debug|iPhoneSimulator.ActiveCfg = Debug|x86
		{E30C0A26-2C83-46ED-AFD8-868B62051D56}.Debug|iPhoneSimulator.Build.0 = Debug|x86
		{E30C0A26-2C83-46ED-AFD8-868B62051D56}.Debug|iPhoneSimulator.Deploy.0 = Debug|x86
		{E30C0A26-2C83-46ED-AFD8-868B62051D56}.Debug|x64.ActiveCfg = Debug|x64
		{E30C0A26-2C83-46ED-AFD8-868B62051D56}.Debug|x64.Build.0 = Debug|x64
		{E30C0A26-2C83-46ED-AFD8-868B62051D56}.Debug|x64.Deploy.0 = Debug|x64
		{E30C0A26-2C83-46ED-AFD8-868B62051D56}.Debug|x86.ActiveCfg = Debug|x86
		{E30C0A26-2C83-46ED-AFD8-868B62051D56}.Debug|x86.Build.0 = Debug|x86
		{E30C0A26-2C83-46ED-AFD8-868B62051D56}.Debug|x86.Deploy.0 = Debug|x86
		{E30C0A26-2C83-46ED-AFD8-868B62051D56}.Release|Any CPU.ActiveCfg = Release|x86
		{E30C0A26-2C83-46ED-AFD8-868B62051D56}.Release|Any CPU.Build.0 = Release|x86
		{E30C0A26-2C83-46ED-AFD8-868B62051D56}.Release|Any CPU.Deploy.0 = Release|x86
		{E30C0A26-2C83-46ED-AFD8-868B62051D56}.Release|ARM.ActiveCfg = Release|ARM
		{E30C0A26-2C83-46ED-AFD8-868B62051D56}.Release|ARM.Build.0 = Release|ARM
		{E30C0A26-2C83-46ED-AFD8-868B62051D56}.Release|ARM.Deploy.0 = Release|ARM
		{E30C0A26-2C83-46ED-AFD8-868B62051D56}.Release|iPhone.ActiveCfg = Release|x86
		{E30C0A26-2C83-46ED-AFD8-868B62051D56}.Release|iPhone.Build.0 = Release|x86
		{E30C0A26-2C83-46ED-AFD8-868B62051D56}.Release|iPhone.Deploy.0 = Release|x86
		{E30C0A26-2C83-46ED-AFD8-868B62051D56}.Release|iPhoneSimulator.ActiveCfg = Release|x86
		{E30C0A26-2C83-46ED-AFD8-868B62051D56}.Release|iPhoneSimulator.Build.0 = Release|x86
		{E30C0A26-2C83-46ED-AFD8-868B62051D56}.Release|iPhoneSimulator.Deploy.0 = Release|x86
		{E30C0A26-2C83-46ED-AFD8-868B62051D56}.Release|x64.ActiveCfg = Release|x64
		{E30C0A26-2C83-46ED-AFD8-868B62051D56}.Release|x64.Build.0 = Release|x64
		{E30C0A26-2C83-46ED-AFD8-868B62051D56}.Release|x64.Deploy.0 = Release|x64
		{E30C0A26-2C83-46ED-AFD8-868B62051D56}.Release|x86.ActiveCfg = Release|x86
		{E30C0A26-2C83-46ED-AFD8-868B62051D56}.Release|x86.Build.0 = Release|x86
		{E30C0A26-2C83-46ED-AFD8-868B62051D56}.Release|x86.Deploy.0 = Release|x86
		{2D49B6DD-91D0-491B-A535-729790D82CBF}.Debug|Any CPU.ActiveCfg = Debug|Any CPU
		{2D49B6DD-91D0-491B-A535-729790D82CBF}.Debug|Any CPU.Build.0 = Debug|Any CPU
		{2D49B6DD-91D0-491B-A535-729790D82CBF}.Debug|Any CPU.Deploy.0 = Debug|Any CPU
		{2D49B6DD-91D0-491B-A535-729790D82CBF}.Debug|ARM.ActiveCfg = Debug|Any CPU
		{2D49B6DD-91D0-491B-A535-729790D82CBF}.Debug|ARM.Build.0 = Debug|Any CPU
		{2D49B6DD-91D0-491B-A535-729790D82CBF}.Debug|ARM.Deploy.0 = Debug|Any CPU
		{2D49B6DD-91D0-491B-A535-729790D82CBF}.Debug|iPhone.ActiveCfg = Debug|Any CPU
		{2D49B6DD-91D0-491B-A535-729790D82CBF}.Debug|iPhone.Build.0 = Debug|Any CPU
		{2D49B6DD-91D0-491B-A535-729790D82CBF}.Debug|iPhone.Deploy.0 = Debug|Any CPU
		{2D49B6DD-91D0-491B-A535-729790D82CBF}.Debug|iPhoneSimulator.ActiveCfg = Debug|Any CPU
		{2D49B6DD-91D0-491B-A535-729790D82CBF}.Debug|iPhoneSimulator.Build.0 = Debug|Any CPU
		{2D49B6DD-91D0-491B-A535-729790D82CBF}.Debug|iPhoneSimulator.Deploy.0 = Debug|Any CPU
		{2D49B6DD-91D0-491B-A535-729790D82CBF}.Debug|x64.ActiveCfg = Debug|Any CPU
		{2D49B6DD-91D0-491B-A535-729790D82CBF}.Debug|x64.Build.0 = Debug|Any CPU
		{2D49B6DD-91D0-491B-A535-729790D82CBF}.Debug|x64.Deploy.0 = Debug|Any CPU
		{2D49B6DD-91D0-491B-A535-729790D82CBF}.Debug|x86.ActiveCfg = Debug|Any CPU
		{2D49B6DD-91D0-491B-A535-729790D82CBF}.Debug|x86.Build.0 = Debug|Any CPU
		{2D49B6DD-91D0-491B-A535-729790D82CBF}.Debug|x86.Deploy.0 = Debug|Any CPU
		{2D49B6DD-91D0-491B-A535-729790D82CBF}.Release|Any CPU.ActiveCfg = Release|Any CPU
		{2D49B6DD-91D0-491B-A535-729790D82CBF}.Release|Any CPU.Build.0 = Release|Any CPU
		{2D49B6DD-91D0-491B-A535-729790D82CBF}.Release|Any CPU.Deploy.0 = Release|Any CPU
		{2D49B6DD-91D0-491B-A535-729790D82CBF}.Release|ARM.ActiveCfg = Release|Any CPU
		{2D49B6DD-91D0-491B-A535-729790D82CBF}.Release|ARM.Build.0 = Release|Any CPU
		{2D49B6DD-91D0-491B-A535-729790D82CBF}.Release|ARM.Deploy.0 = Release|Any CPU
		{2D49B6DD-91D0-491B-A535-729790D82CBF}.Release|iPhone.ActiveCfg = Release|Any CPU
		{2D49B6DD-91D0-491B-A535-729790D82CBF}.Release|iPhone.Build.0 = Release|Any CPU
		{2D49B6DD-91D0-491B-A535-729790D82CBF}.Release|iPhone.Deploy.0 = Release|Any CPU
		{2D49B6DD-91D0-491B-A535-729790D82CBF}.Release|iPhoneSimulator.ActiveCfg = Release|Any CPU
		{2D49B6DD-91D0-491B-A535-729790D82CBF}.Release|iPhoneSimulator.Build.0 = Release|Any CPU
		{2D49B6DD-91D0-491B-A535-729790D82CBF}.Release|iPhoneSimulator.Deploy.0 = Release|Any CPU
		{2D49B6DD-91D0-491B-A535-729790D82CBF}.Release|x64.ActiveCfg = Release|Any CPU
		{2D49B6DD-91D0-491B-A535-729790D82CBF}.Release|x64.Build.0 = Release|Any CPU
		{2D49B6DD-91D0-491B-A535-729790D82CBF}.Release|x64.Deploy.0 = Release|Any CPU
		{2D49B6DD-91D0-491B-A535-729790D82CBF}.Release|x86.ActiveCfg = Release|Any CPU
		{2D49B6DD-91D0-491B-A535-729790D82CBF}.Release|x86.Build.0 = Release|Any CPU
		{2D49B6DD-91D0-491B-A535-729790D82CBF}.Release|x86.Deploy.0 = Release|Any CPU
		{2EF27913-D0AC-4F03-BAC1-B2D96ACC7AEA}.Debug|Any CPU.ActiveCfg = Debug|iPhone
		{2EF27913-D0AC-4F03-BAC1-B2D96ACC7AEA}.Debug|Any CPU.Build.0 = Debug|iPhone
		{2EF27913-D0AC-4F03-BAC1-B2D96ACC7AEA}.Debug|Any CPU.Deploy.0 = Debug|iPhone
		{2EF27913-D0AC-4F03-BAC1-B2D96ACC7AEA}.Debug|ARM.ActiveCfg = Debug|iPhone
		{2EF27913-D0AC-4F03-BAC1-B2D96ACC7AEA}.Debug|ARM.Build.0 = Debug|iPhone
		{2EF27913-D0AC-4F03-BAC1-B2D96ACC7AEA}.Debug|ARM.Deploy.0 = Debug|iPhone
		{2EF27913-D0AC-4F03-BAC1-B2D96ACC7AEA}.Debug|iPhone.ActiveCfg = Debug|iPhone
		{2EF27913-D0AC-4F03-BAC1-B2D96ACC7AEA}.Debug|iPhone.Build.0 = Debug|iPhone
		{2EF27913-D0AC-4F03-BAC1-B2D96ACC7AEA}.Debug|iPhone.Deploy.0 = Debug|iPhone
		{2EF27913-D0AC-4F03-BAC1-B2D96ACC7AEA}.Debug|iPhoneSimulator.ActiveCfg = Debug|iPhoneSimulator
		{2EF27913-D0AC-4F03-BAC1-B2D96ACC7AEA}.Debug|iPhoneSimulator.Build.0 = Debug|iPhoneSimulator
		{2EF27913-D0AC-4F03-BAC1-B2D96ACC7AEA}.Debug|iPhoneSimulator.Deploy.0 = Debug|iPhoneSimulator
		{2EF27913-D0AC-4F03-BAC1-B2D96ACC7AEA}.Debug|x64.ActiveCfg = Debug|iPhone
		{2EF27913-D0AC-4F03-BAC1-B2D96ACC7AEA}.Debug|x64.Build.0 = Debug|iPhone
		{2EF27913-D0AC-4F03-BAC1-B2D96ACC7AEA}.Debug|x64.Deploy.0 = Debug|iPhone
		{2EF27913-D0AC-4F03-BAC1-B2D96ACC7AEA}.Debug|x86.ActiveCfg = Debug|iPhone
		{2EF27913-D0AC-4F03-BAC1-B2D96ACC7AEA}.Debug|x86.Build.0 = Debug|iPhone
		{2EF27913-D0AC-4F03-BAC1-B2D96ACC7AEA}.Debug|x86.Deploy.0 = Debug|iPhone
		{2EF27913-D0AC-4F03-BAC1-B2D96ACC7AEA}.Release|Any CPU.ActiveCfg = Release|iPhone
		{2EF27913-D0AC-4F03-BAC1-B2D96ACC7AEA}.Release|Any CPU.Build.0 = Release|iPhone
		{2EF27913-D0AC-4F03-BAC1-B2D96ACC7AEA}.Release|Any CPU.Deploy.0 = Release|iPhone
		{2EF27913-D0AC-4F03-BAC1-B2D96ACC7AEA}.Release|ARM.ActiveCfg = Release|iPhone
		{2EF27913-D0AC-4F03-BAC1-B2D96ACC7AEA}.Release|ARM.Build.0 = Release|iPhone
		{2EF27913-D0AC-4F03-BAC1-B2D96ACC7AEA}.Release|ARM.Deploy.0 = Release|iPhone
		{2EF27913-D0AC-4F03-BAC1-B2D96ACC7AEA}.Release|iPhone.ActiveCfg = Release|iPhone
		{2EF27913-D0AC-4F03-BAC1-B2D96ACC7AEA}.Release|iPhone.Build.0 = Release|iPhone
		{2EF27913-D0AC-4F03-BAC1-B2D96ACC7AEA}.Release|iPhone.Deploy.0 = Release|iPhone
		{2EF27913-D0AC-4F03-BAC1-B2D96ACC7AEA}.Release|iPhoneSimulator.ActiveCfg = Release|iPhoneSimulator
		{2EF27913-D0AC-4F03-BAC1-B2D96ACC7AEA}.Release|iPhoneSimulator.Build.0 = Release|iPhoneSimulator
		{2EF27913-D0AC-4F03-BAC1-B2D96ACC7AEA}.Release|iPhoneSimulator.Deploy.0 = Release|iPhoneSimulator
		{2EF27913-D0AC-4F03-BAC1-B2D96ACC7AEA}.Release|x64.ActiveCfg = Release|iPhone
		{2EF27913-D0AC-4F03-BAC1-B2D96ACC7AEA}.Release|x64.Build.0 = Release|iPhone
		{2EF27913-D0AC-4F03-BAC1-B2D96ACC7AEA}.Release|x64.Deploy.0 = Release|iPhone
		{2EF27913-D0AC-4F03-BAC1-B2D96ACC7AEA}.Release|x86.ActiveCfg = Release|iPhone
		{2EF27913-D0AC-4F03-BAC1-B2D96ACC7AEA}.Release|x86.Build.0 = Release|iPhone
		{2EF27913-D0AC-4F03-BAC1-B2D96ACC7AEA}.Release|x86.Deploy.0 = Release|iPhone
		{5E2DDD3D-8C4E-4406-9222-9D7DE50117CF}.Debug|Any CPU.ActiveCfg = Debug|Any CPU
		{5E2DDD3D-8C4E-4406-9222-9D7DE50117CF}.Debug|Any CPU.Build.0 = Debug|Any CPU
		{5E2DDD3D-8C4E-4406-9222-9D7DE50117CF}.Debug|Any CPU.Deploy.0 = Debug|Any CPU
		{5E2DDD3D-8C4E-4406-9222-9D7DE50117CF}.Debug|ARM.ActiveCfg = Debug|Any CPU
		{5E2DDD3D-8C4E-4406-9222-9D7DE50117CF}.Debug|ARM.Build.0 = Debug|Any CPU
		{5E2DDD3D-8C4E-4406-9222-9D7DE50117CF}.Debug|ARM.Deploy.0 = Debug|Any CPU
		{5E2DDD3D-8C4E-4406-9222-9D7DE50117CF}.Debug|iPhone.ActiveCfg = Debug|Any CPU
		{5E2DDD3D-8C4E-4406-9222-9D7DE50117CF}.Debug|iPhone.Build.0 = Debug|Any CPU
		{5E2DDD3D-8C4E-4406-9222-9D7DE50117CF}.Debug|iPhone.Deploy.0 = Debug|Any CPU
		{5E2DDD3D-8C4E-4406-9222-9D7DE50117CF}.Debug|iPhoneSimulator.ActiveCfg = Debug|Any CPU
		{5E2DDD3D-8C4E-4406-9222-9D7DE50117CF}.Debug|iPhoneSimulator.Build.0 = Debug|Any CPU
		{5E2DDD3D-8C4E-4406-9222-9D7DE50117CF}.Debug|iPhoneSimulator.Deploy.0 = Debug|Any CPU
		{5E2DDD3D-8C4E-4406-9222-9D7DE50117CF}.Debug|x64.ActiveCfg = Debug|Any CPU
		{5E2DDD3D-8C4E-4406-9222-9D7DE50117CF}.Debug|x64.Build.0 = Debug|Any CPU
		{5E2DDD3D-8C4E-4406-9222-9D7DE50117CF}.Debug|x64.Deploy.0 = Debug|Any CPU
		{5E2DDD3D-8C4E-4406-9222-9D7DE50117CF}.Debug|x86.ActiveCfg = Debug|Any CPU
		{5E2DDD3D-8C4E-4406-9222-9D7DE50117CF}.Debug|x86.Build.0 = Debug|Any CPU
		{5E2DDD3D-8C4E-4406-9222-9D7DE50117CF}.Debug|x86.Deploy.0 = Debug|Any CPU
		{5E2DDD3D-8C4E-4406-9222-9D7DE50117CF}.Release|Any CPU.ActiveCfg = Release|Any CPU
		{5E2DDD3D-8C4E-4406-9222-9D7DE50117CF}.Release|Any CPU.Build.0 = Release|Any CPU
		{5E2DDD3D-8C4E-4406-9222-9D7DE50117CF}.Release|Any CPU.Deploy.0 = Release|Any CPU
		{5E2DDD3D-8C4E-4406-9222-9D7DE50117CF}.Release|ARM.ActiveCfg = Release|Any CPU
		{5E2DDD3D-8C4E-4406-9222-9D7DE50117CF}.Release|ARM.Build.0 = Release|Any CPU
		{5E2DDD3D-8C4E-4406-9222-9D7DE50117CF}.Release|ARM.Deploy.0 = Release|Any CPU
		{5E2DDD3D-8C4E-4406-9222-9D7DE50117CF}.Release|iPhone.ActiveCfg = Release|Any CPU
		{5E2DDD3D-8C4E-4406-9222-9D7DE50117CF}.Release|iPhone.Build.0 = Release|Any CPU
		{5E2DDD3D-8C4E-4406-9222-9D7DE50117CF}.Release|iPhone.Deploy.0 = Release|Any CPU
		{5E2DDD3D-8C4E-4406-9222-9D7DE50117CF}.Release|iPhoneSimulator.ActiveCfg = Release|Any CPU
		{5E2DDD3D-8C4E-4406-9222-9D7DE50117CF}.Release|iPhoneSimulator.Build.0 = Release|Any CPU
		{5E2DDD3D-8C4E-4406-9222-9D7DE50117CF}.Release|iPhoneSimulator.Deploy.0 = Release|Any CPU
		{5E2DDD3D-8C4E-4406-9222-9D7DE50117CF}.Release|x64.ActiveCfg = Release|Any CPU
		{5E2DDD3D-8C4E-4406-9222-9D7DE50117CF}.Release|x64.Build.0 = Release|Any CPU
		{5E2DDD3D-8C4E-4406-9222-9D7DE50117CF}.Release|x64.Deploy.0 = Release|Any CPU
		{5E2DDD3D-8C4E-4406-9222-9D7DE50117CF}.Release|x86.ActiveCfg = Release|Any CPU
		{5E2DDD3D-8C4E-4406-9222-9D7DE50117CF}.Release|x86.Build.0 = Release|Any CPU
		{5E2DDD3D-8C4E-4406-9222-9D7DE50117CF}.Release|x86.Deploy.0 = Release|Any CPU
	EndGlobalSection
	GlobalSection(SolutionProperties) = preSolution
		HideSolutionNode = FALSE
	EndGlobalSection
	GlobalSection(ExtensibilityGlobals) = postSolution
		SolutionGuid = {04127BB7-11CC-46BC-855F-B86886185662}
	EndGlobalSection
EndGlobal
