
Microsoft Visual Studio Solution File, Format Version 12.00
# Visual Studio Version 16
VisualStudioVersion = 16.0.29920.165
MinimumVisualStudioVersion = 10.0.40219.1
Project("{FAE04EC0-301F-11D3-BF4B-00C04F79EFBC}") = "TP01Module05_Partie02.UWP", "TP01Module05_Partie02.UWP\TP01Module05_Partie02.UWP.csproj", "{E0DFAFEC-E145-46EF-916D-57F1F48AAE44}"
EndProject
Project("{FAE04EC0-301F-11D3-BF4B-00C04F79EFBC}") = "TP01Module05_Partie02.Android", "TP01Module05_Partie02.Android\TP01Module05_Partie02.Android.csproj", "{A8CB4688-FF4D-49DE-99AE-B857969943D5}"
EndProject
Project("{FAE04EC0-301F-11D3-BF4B-00C04F79EFBC}") = "TP01Module05_Partie02.iOS", "TP01Module05_Partie02.iOS\TP01Module05_Partie02.iOS.csproj", "{1F5DC49B-BEED-478D-86B5-972E68976E3F}"
EndProject
Project("{FAE04EC0-301F-11D3-BF4B-00C04F79EFBC}") = "TP01Module05_Partie02", "TP01Module05_Partie02\TP01Module05_Partie02.csproj", "{04618092-7321-4F2C-8BD3-1F9B896D69D3}"
EndProject
Global
	GlobalSection(SolutionConfigurationPlatforms) = preSolution
		Debug|Any CPU = Debug|Any CPU
		Debug|ARM = Debug|ARM
		Debug|iPhone = Debug|iPhone
		Debug|iPhoneSimulator = Debug|iPhoneSimulator
		Debug|x64 = Debug|x64
		Debug|x86 = Debug|x86
		Release|Any CPU = Release|Any CPU
		Release|ARM = Release|ARM
		Release|iPhone = Release|iPhone
		Release|iPhoneSimulator = Release|iPhoneSimulator
		Release|x64 = Release|x64
		Release|x86 = Release|x86
	EndGlobalSection
	GlobalSection(ProjectConfigurationPlatforms) = postSolution
		{E0DFAFEC-E145-46EF-916D-57F1F48AAE44}.Debug|Any CPU.ActiveCfg = Debug|x86
		{E0DFAFEC-E145-46EF-916D-57F1F48AAE44}.Debug|Any CPU.Build.0 = Debug|x86
		{E0DFAFEC-E145-46EF-916D-57F1F48AAE44}.Debug|Any CPU.Deploy.0 = Debug|x86
		{E0DFAFEC-E145-46EF-916D-57F1F48AAE44}.Debug|ARM.ActiveCfg = Debug|ARM
		{E0DFAFEC-E145-46EF-916D-57F1F48AAE44}.Debug|ARM.Build.0 = Debug|ARM
		{E0DFAFEC-E145-46EF-916D-57F1F48AAE44}.Debug|ARM.Deploy.0 = Debug|ARM
		{E0DFAFEC-E145-46EF-916D-57F1F48AAE44}.Debug|iPhone.ActiveCfg = Debug|x86
		{E0DFAFEC-E145-46EF-916D-57F1F48AAE44}.Debug|iPhone.Build.0 = Debug|x86
		{E0DFAFEC-E145-46EF-916D-57F1F48AAE44}.Debug|iPhone.Deploy.0 = Debug|x86
		{E0DFAFEC-E145-46EF-916D-57F1F48AAE44}.Debug|iPhoneSimulator.ActiveCfg = Debug|x86
		{E0DFAFEC-E145-46EF-916D-57F1F48AAE44}.Debug|iPhoneSimulator.Build.0 = Debug|x86
		{E0DFAFEC-E145-46EF-916D-57F1F48AAE44}.Debug|iPhoneSimulator.Deploy.0 = Debug|x86
		{E0DFAFEC-E145-46EF-916D-57F1F48AAE44}.Debug|x64.ActiveCfg = Debug|x64
		{E0DFAFEC-E145-46EF-916D-57F1F48AAE44}.Debug|x64.Build.0 = Debug|x64
		{E0DFAFEC-E145-46EF-916D-57F1F48AAE44}.Debug|x64.Deploy.0 = Debug|x64
		{E0DFAFEC-E145-46EF-916D-57F1F48AAE44}.Debug|x86.ActiveCfg = Debug|x86
		{E0DFAFEC-E145-46EF-916D-57F1F48AAE44}.Debug|x86.Build.0 = Debug|x86
		{E0DFAFEC-E145-46EF-916D-57F1F48AAE44}.Debug|x86.Deploy.0 = Debug|x86
		{E0DFAFEC-E145-46EF-916D-57F1F48AAE44}.Release|Any CPU.ActiveCfg = Release|x86
		{E0DFAFEC-E145-46EF-916D-57F1F48AAE44}.Release|Any CPU.Build.0 = Release|x86
		{E0DFAFEC-E145-46EF-916D-57F1F48AAE44}.Release|Any CPU.Deploy.0 = Release|x86
		{E0DFAFEC-E145-46EF-916D-57F1F48AAE44}.Release|ARM.ActiveCfg = Release|ARM
		{E0DFAFEC-E145-46EF-916D-57F1F48AAE44}.Release|ARM.Build.0 = Release|ARM
		{E0DFAFEC-E145-46EF-916D-57F1F48AAE44}.Release|ARM.Deploy.0 = Release|ARM
		{E0DFAFEC-E145-46EF-916D-57F1F48AAE44}.Release|iPhone.ActiveCfg = Release|x86
		{E0DFAFEC-E145-46EF-916D-57F1F48AAE44}.Release|iPhone.Build.0 = Release|x86
		{E0DFAFEC-E145-46EF-916D-57F1F48AAE44}.Release|iPhone.Deploy.0 = Release|x86
		{E0DFAFEC-E145-46EF-916D-57F1F48AAE44}.Release|iPhoneSimulator.ActiveCfg = Release|x86
		{E0DFAFEC-E145-46EF-916D-57F1F48AAE44}.Release|iPhoneSimulator.Build.0 = Release|x86
		{E0DFAFEC-E145-46EF-916D-57F1F48AAE44}.Release|iPhoneSimulator.Deploy.0 = Release|x86
		{E0DFAFEC-E145-46EF-916D-57F1F48AAE44}.Release|x64.ActiveCfg = Release|x64
		{E0DFAFEC-E145-46EF-916D-57F1F48AAE44}.Release|x64.Build.0 = Release|x64
		{E0DFAFEC-E145-46EF-916D-57F1F48AAE44}.Release|x64.Deploy.0 = Release|x64
		{E0DFAFEC-E145-46EF-916D-57F1F48AAE44}.Release|x86.ActiveCfg = Release|x86
		{E0DFAFEC-E145-46EF-916D-57F1F48AAE44}.Release|x86.Build.0 = Release|x86
		{E0DFAFEC-E145-46EF-916D-57F1F48AAE44}.Release|x86.Deploy.0 = Release|x86
		{A8CB4688-FF4D-49DE-99AE-B857969943D5}.Debug|Any CPU.ActiveCfg = Debug|Any CPU
		{A8CB4688-FF4D-49DE-99AE-B857969943D5}.Debug|Any CPU.Build.0 = Debug|Any CPU
		{A8CB4688-FF4D-49DE-99AE-B857969943D5}.Debug|Any CPU.Deploy.0 = Debug|Any CPU
		{A8CB4688-FF4D-49DE-99AE-B857969943D5}.Debug|ARM.ActiveCfg = Debug|Any CPU
		{A8CB4688-FF4D-49DE-99AE-B857969943D5}.Debug|ARM.Build.0 = Debug|Any CPU
		{A8CB4688-FF4D-49DE-99AE-B857969943D5}.Debug|ARM.Deploy.0 = Debug|Any CPU
		{A8CB4688-FF4D-49DE-99AE-B857969943D5}.Debug|iPhone.ActiveCfg = Debug|Any CPU
		{A8CB4688-FF4D-49DE-99AE-B857969943D5}.Debug|iPhone.Build.0 = Debug|Any CPU
		{A8CB4688-FF4D-49DE-99AE-B857969943D5}.Debug|iPhone.Deploy.0 = Debug|Any CPU
		{A8CB4688-FF4D-49DE-99AE-B857969943D5}.Debug|iPhoneSimulator.ActiveCfg = Debug|Any CPU
		{A8CB4688-FF4D-49DE-99AE-B857969943D5}.Debug|iPhoneSimulator.Build.0 = Debug|Any CPU
		{A8CB4688-FF4D-49DE-99AE-B857969943D5}.Debug|iPhoneSimulator.Deploy.0 = Debug|Any CPU
		{A8CB4688-FF4D-49DE-99AE-B857969943D5}.Debug|x64.ActiveCfg = Debug|Any CPU
		{A8CB4688-FF4D-49DE-99AE-B857969943D5}.Debug|x64.Build.0 = Debug|Any CPU
		{A8CB4688-FF4D-49DE-99AE-B857969943D5}.Debug|x64.Deploy.0 = Debug|Any CPU
		{A8CB4688-FF4D-49DE-99AE-B857969943D5}.Debug|x86.ActiveCfg = Debug|Any CPU
		{A8CB4688-FF4D-49DE-99AE-B857969943D5}.Debug|x86.Build.0 = Debug|Any CPU
		{A8CB4688-FF4D-49DE-99AE-B857969943D5}.Debug|x86.Deploy.0 = Debug|Any CPU
		{A8CB4688-FF4D-49DE-99AE-B857969943D5}.Release|Any CPU.ActiveCfg = Release|Any CPU
		{A8CB4688-FF4D-49DE-99AE-B857969943D5}.Release|Any CPU.Build.0 = Release|Any CPU
		{A8CB4688-FF4D-49DE-99AE-B857969943D5}.Release|Any CPU.Deploy.0 = Release|Any CPU
		{A8CB4688-FF4D-49DE-99AE-B857969943D5}.Release|ARM.ActiveCfg = Release|Any CPU
		{A8CB4688-FF4D-49DE-99AE-B857969943D5}.Release|ARM.Build.0 = Release|Any CPU
		{A8CB4688-FF4D-49DE-99AE-B857969943D5}.Release|ARM.Deploy.0 = Release|Any CPU
		{A8CB4688-FF4D-49DE-99AE-B857969943D5}.Release|iPhone.ActiveCfg = Release|Any CPU
		{A8CB4688-FF4D-49DE-99AE-B857969943D5}.Release|iPhone.Build.0 = Release|Any CPU
		{A8CB4688-FF4D-49DE-99AE-B857969943D5}.Release|iPhone.Deploy.0 = Release|Any CPU
		{A8CB4688-FF4D-49DE-99AE-B857969943D5}.Release|iPhoneSimulator.ActiveCfg = Release|Any CPU
		{A8CB4688-FF4D-49DE-99AE-B857969943D5}.Release|iPhoneSimulator.Build.0 = Release|Any CPU
		{A8CB4688-FF4D-49DE-99AE-B857969943D5}.Release|iPhoneSimulator.Deploy.0 = Release|Any CPU
		{A8CB4688-FF4D-49DE-99AE-B857969943D5}.Release|x64.ActiveCfg = Release|Any CPU
		{A8CB4688-FF4D-49DE-99AE-B857969943D5}.Release|x64.Build.0 = Release|Any CPU
		{A8CB4688-FF4D-49DE-99AE-B857969943D5}.Release|x64.Deploy.0 = Release|Any CPU
		{A8CB4688-FF4D-49DE-99AE-B857969943D5}.Release|x86.ActiveCfg = Release|Any CPU
		{A8CB4688-FF4D-49DE-99AE-B857969943D5}.Release|x86.Build.0 = Release|Any CPU
		{A8CB4688-FF4D-49DE-99AE-B857969943D5}.Release|x86.Deploy.0 = Release|Any CPU
		{1F5DC49B-BEED-478D-86B5-972E68976E3F}.Debug|Any CPU.ActiveCfg = Debug|iPhone
		{1F5DC49B-BEED-478D-86B5-972E68976E3F}.Debug|Any CPU.Build.0 = Debug|iPhone
		{1F5DC49B-BEED-478D-86B5-972E68976E3F}.Debug|Any CPU.Deploy.0 = Debug|iPhone
		{1F5DC49B-BEED-478D-86B5-972E68976E3F}.Debug|ARM.ActiveCfg = Debug|iPhone
		{1F5DC49B-BEED-478D-86B5-972E68976E3F}.Debug|ARM.Build.0 = Debug|iPhone
		{1F5DC49B-BEED-478D-86B5-972E68976E3F}.Debug|ARM.Deploy.0 = Debug|iPhone
		{1F5DC49B-BEED-478D-86B5-972E68976E3F}.Debug|iPhone.ActiveCfg = Debug|iPhone
		{1F5DC49B-BEED-478D-86B5-972E68976E3F}.Debug|iPhone.Build.0 = Debug|iPhone
		{1F5DC49B-BEED-478D-86B5-972E68976E3F}.Debug|iPhone.Deploy.0 = Debug|iPhone
		{1F5DC49B-BEED-478D-86B5-972E68976E3F}.Debug|iPhoneSimulator.ActiveCfg = Debug|iPhoneSimulator
		{1F5DC49B-BEED-478D-86B5-972E68976E3F}.Debug|iPhoneSimulator.Build.0 = Debug|iPhoneSimulator
		{1F5DC49B-BEED-478D-86B5-972E68976E3F}.Debug|iPhoneSimulator.Deploy.0 = Debug|iPhoneSimulator
		{1F5DC49B-BEED-478D-86B5-972E68976E3F}.Debug|x64.ActiveCfg = Debug|iPhone
		{1F5DC49B-BEED-478D-86B5-972E68976E3F}.Debug|x64.Build.0 = Debug|iPhone
		{1F5DC49B-BEED-478D-86B5-972E68976E3F}.Debug|x64.Deploy.0 = Debug|iPhone
		{1F5DC49B-BEED-478D-86B5-972E68976E3F}.Debug|x86.ActiveCfg = Debug|iPhone
		{1F5DC49B-BEED-478D-86B5-972E68976E3F}.Debug|x86.Build.0 = Debug|iPhone
		{1F5DC49B-BEED-478D-86B5-972E68976E3F}.Debug|x86.Deploy.0 = Debug|iPhone
		{1F5DC49B-BEED-478D-86B5-972E68976E3F}.Release|Any CPU.ActiveCfg = Release|iPhone
		{1F5DC49B-BEED-478D-86B5-972E68976E3F}.Release|Any CPU.Build.0 = Release|iPhone
		{1F5DC49B-BEED-478D-86B5-972E68976E3F}.Release|Any CPU.Deploy.0 = Release|iPhone
		{1F5DC49B-BEED-478D-86B5-972E68976E3F}.Release|ARM.ActiveCfg = Release|iPhone
		{1F5DC49B-BEED-478D-86B5-972E68976E3F}.Release|ARM.Build.0 = Release|iPhone
		{1F5DC49B-BEED-478D-86B5-972E68976E3F}.Release|ARM.Deploy.0 = Release|iPhone
		{1F5DC49B-BEED-478D-86B5-972E68976E3F}.Release|iPhone.ActiveCfg = Release|iPhone
		{1F5DC49B-BEED-478D-86B5-972E68976E3F}.Release|iPhone.Build.0 = Release|iPhone
		{1F5DC49B-BEED-478D-86B5-972E68976E3F}.Release|iPhone.Deploy.0 = Release|iPhone
		{1F5DC49B-BEED-478D-86B5-972E68976E3F}.Release|iPhoneSimulator.ActiveCfg = Release|iPhoneSimulator
		{1F5DC49B-BEED-478D-86B5-972E68976E3F}.Release|iPhoneSimulator.Build.0 = Release|iPhoneSimulator
		{1F5DC49B-BEED-478D-86B5-972E68976E3F}.Release|iPhoneSimulator.Deploy.0 = Release|iPhoneSimulator
		{1F5DC49B-BEED-478D-86B5-972E68976E3F}.Release|x64.ActiveCfg = Release|iPhone
		{1F5DC49B-BEED-478D-86B5-972E68976E3F}.Release|x64.Build.0 = Release|iPhone
		{1F5DC49B-BEED-478D-86B5-972E68976E3F}.Release|x64.Deploy.0 = Release|iPhone
		{1F5DC49B-BEED-478D-86B5-972E68976E3F}.Release|x86.ActiveCfg = Release|iPhone
		{1F5DC49B-BEED-478D-86B5-972E68976E3F}.Release|x86.Build.0 = Release|iPhone
		{1F5DC49B-BEED-478D-86B5-972E68976E3F}.Release|x86.Deploy.0 = Release|iPhone
		{04618092-7321-4F2C-8BD3-1F9B896D69D3}.Debug|Any CPU.ActiveCfg = Debug|Any CPU
		{04618092-7321-4F2C-8BD3-1F9B896D69D3}.Debug|Any CPU.Build.0 = Debug|Any CPU
		{04618092-7321-4F2C-8BD3-1F9B896D69D3}.Debug|Any CPU.Deploy.0 = Debug|Any CPU
		{04618092-7321-4F2C-8BD3-1F9B896D69D3}.Debug|ARM.ActiveCfg = Debug|Any CPU
		{04618092-7321-4F2C-8BD3-1F9B896D69D3}.Debug|ARM.Build.0 = Debug|Any CPU
		{04618092-7321-4F2C-8BD3-1F9B896D69D3}.Debug|ARM.Deploy.0 = Debug|Any CPU
		{04618092-7321-4F2C-8BD3-1F9B896D69D3}.Debug|iPhone.ActiveCfg = Debug|Any CPU
		{04618092-7321-4F2C-8BD3-1F9B896D69D3}.Debug|iPhone.Build.0 = Debug|Any CPU
		{04618092-7321-4F2C-8BD3-1F9B896D69D3}.Debug|iPhone.Deploy.0 = Debug|Any CPU
		{04618092-7321-4F2C-8BD3-1F9B896D69D3}.Debug|iPhoneSimulator.ActiveCfg = Debug|Any CPU
		{04618092-7321-4F2C-8BD3-1F9B896D69D3}.Debug|iPhoneSimulator.Build.0 = Debug|Any CPU
		{04618092-7321-4F2C-8BD3-1F9B896D69D3}.Debug|iPhoneSimulator.Deploy.0 = Debug|Any CPU
		{04618092-7321-4F2C-8BD3-1F9B896D69D3}.Debug|x64.ActiveCfg = Debug|Any CPU
		{04618092-7321-4F2C-8BD3-1F9B896D69D3}.Debug|x64.Build.0 = Debug|Any CPU
		{04618092-7321-4F2C-8BD3-1F9B896D69D3}.Debug|x64.Deploy.0 = Debug|Any CPU
		{04618092-7321-4F2C-8BD3-1F9B896D69D3}.Debug|x86.ActiveCfg = Debug|Any CPU
		{04618092-7321-4F2C-8BD3-1F9B896D69D3}.Debug|x86.Build.0 = Debug|Any CPU
		{04618092-7321-4F2C-8BD3-1F9B896D69D3}.Debug|x86.Deploy.0 = Debug|Any CPU
		{04618092-7321-4F2C-8BD3-1F9B896D69D3}.Release|Any CPU.ActiveCfg = Release|Any CPU
		{04618092-7321-4F2C-8BD3-1F9B896D69D3}.Release|Any CPU.Build.0 = Release|Any CPU
		{04618092-7321-4F2C-8BD3-1F9B896D69D3}.Release|Any CPU.Deploy.0 = Release|Any CPU
		{04618092-7321-4F2C-8BD3-1F9B896D69D3}.Release|ARM.ActiveCfg = Release|Any CPU
		{04618092-7321-4F2C-8BD3-1F9B896D69D3}.Release|ARM.Build.0 = Release|Any CPU
		{04618092-7321-4F2C-8BD3-1F9B896D69D3}.Release|ARM.Deploy.0 = Release|Any CPU
		{04618092-7321-4F2C-8BD3-1F9B896D69D3}.Release|iPhone.ActiveCfg = Release|Any CPU
		{04618092-7321-4F2C-8BD3-1F9B896D69D3}.Release|iPhone.Build.0 = Release|Any CPU
		{04618092-7321-4F2C-8BD3-1F9B896D69D3}.Release|iPhone.Deploy.0 = Release|Any CPU
		{04618092-7321-4F2C-8BD3-1F9B896D69D3}.Release|iPhoneSimulator.ActiveCfg = Release|Any CPU
		{04618092-7321-4F2C-8BD3-1F9B896D69D3}.Release|iPhoneSimulator.Build.0 = Release|Any CPU
		{04618092-7321-4F2C-8BD3-1F9B896D69D3}.Release|iPhoneSimulator.Deploy.0 = Release|Any CPU
		{04618092-7321-4F2C-8BD3-1F9B896D69D3}.Release|x64.ActiveCfg = Release|Any CPU
		{04618092-7321-4F2C-8BD3-1F9B896D69D3}.Release|x64.Build.0 = Release|Any CPU
		{04618092-7321-4F2C-8BD3-1F9B896D69D3}.Release|x64.Deploy.0 = Release|Any CPU
		{04618092-7321-4F2C-8BD3-1F9B896D69D3}.Release|x86.ActiveCfg = Release|Any CPU
		{04618092-7321-4F2C-8BD3-1F9B896D69D3}.Release|x86.Build.0 = Release|Any CPU
		{04618092-7321-4F2C-8BD3-1F9B896D69D3}.Release|x86.Deploy.0 = Release|Any CPU
	EndGlobalSection
	GlobalSection(SolutionProperties) = preSolution
		HideSolutionNode = FALSE
	EndGlobalSection
	GlobalSection(ExtensibilityGlobals) = postSolution
		SolutionGuid = {4E03107E-0C91-4782-B404-54CF28E5AFE9}
	EndGlobalSection
EndGlobal
