
Microsoft Visual Studio Solution File, Format Version 12.00
# Visual Studio Version 16
VisualStudioVersion = 16.0.29920.165
MinimumVisualStudioVersion = 10.0.40219.1
Project("{FAE04EC0-301F-11D3-BF4B-00C04F79EFBC}") = "TP01Module04_Partie01.UWP", "TP01Module04_Partie01.UWP\TP01Module04_Partie01.UWP.csproj", "{351FCF1A-1EA4-4F59-9361-18237605D81B}"
EndProject
Project("{FAE04EC0-301F-11D3-BF4B-00C04F79EFBC}") = "TP01Module04_Partie01.Android", "TP01Module04_Partie01.Android\TP01Module04_Partie01.Android.csproj", "{8CC1F829-707F-4C2F-8F0C-34B40687569B}"
EndProject
Project("{FAE04EC0-301F-11D3-BF4B-00C04F79EFBC}") = "TP01Module04_Partie01.iOS", "TP01Module04_Partie01.iOS\TP01Module04_Partie01.iOS.csproj", "{589EED2A-0D71-4B62-9FA0-D2F019308D65}"
EndProject
Project("{FAE04EC0-301F-11D3-BF4B-00C04F79EFBC}") = "TP01Module04_Partie01", "TP01Module04_Partie01\TP01Module04_Partie01.csproj", "{CDD052E1-A5D0-4D83-9E85-85248498228D}"
EndProject
Global
	GlobalSection(SolutionConfigurationPlatforms) = preSolution
		Debug|Any CPU = Debug|Any CPU
		Debug|ARM = Debug|ARM
		Debug|iPhone = Debug|iPhone
		Debug|iPhoneSimulator = Debug|iPhoneSimulator
		Debug|x64 = Debug|x64
		Debug|x86 = Debug|x86
		Release|Any CPU = Release|Any CPU
		Release|ARM = Release|ARM
		Release|iPhone = Release|iPhone
		Release|iPhoneSimulator = Release|iPhoneSimulator
		Release|x64 = Release|x64
		Release|x86 = Release|x86
	EndGlobalSection
	GlobalSection(ProjectConfigurationPlatforms) = postSolution
		{351FCF1A-1EA4-4F59-9361-18237605D81B}.Debug|Any CPU.ActiveCfg = Debug|x86
		{351FCF1A-1EA4-4F59-9361-18237605D81B}.Debug|Any CPU.Build.0 = Debug|x86
		{351FCF1A-1EA4-4F59-9361-18237605D81B}.Debug|Any CPU.Deploy.0 = Debug|x86
		{351FCF1A-1EA4-4F59-9361-18237605D81B}.Debug|ARM.ActiveCfg = Debug|ARM
		{351FCF1A-1EA4-4F59-9361-18237605D81B}.Debug|ARM.Build.0 = Debug|ARM
		{351FCF1A-1EA4-4F59-9361-18237605D81B}.Debug|ARM.Deploy.0 = Debug|ARM
		{351FCF1A-1EA4-4F59-9361-18237605D81B}.Debug|iPhone.ActiveCfg = Debug|x86
		{351FCF1A-1EA4-4F59-9361-18237605D81B}.Debug|iPhone.Build.0 = Debug|x86
		{351FCF1A-1EA4-4F59-9361-18237605D81B}.Debug|iPhone.Deploy.0 = Debug|x86
		{351FCF1A-1EA4-4F59-9361-18237605D81B}.Debug|iPhoneSimulator.ActiveCfg = Debug|x86
		{351FCF1A-1EA4-4F59-9361-18237605D81B}.Debug|iPhoneSimulator.Build.0 = Debug|x86
		{351FCF1A-1EA4-4F59-9361-18237605D81B}.Debug|iPhoneSimulator.Deploy.0 = Debug|x86
		{351FCF1A-1EA4-4F59-9361-18237605D81B}.Debug|x64.ActiveCfg = Debug|x64
		{351FCF1A-1EA4-4F59-9361-18237605D81B}.Debug|x64.Build.0 = Debug|x64
		{351FCF1A-1EA4-4F59-9361-18237605D81B}.Debug|x64.Deploy.0 = Debug|x64
		{351FCF1A-1EA4-4F59-9361-18237605D81B}.Debug|x86.ActiveCfg = Debug|x86
		{351FCF1A-1EA4-4F59-9361-18237605D81B}.Debug|x86.Build.0 = Debug|x86
		{351FCF1A-1EA4-4F59-9361-18237605D81B}.Debug|x86.Deploy.0 = Debug|x86
		{351FCF1A-1EA4-4F59-9361-18237605D81B}.Release|Any CPU.ActiveCfg = Release|x86
		{351FCF1A-1EA4-4F59-9361-18237605D81B}.Release|Any CPU.Build.0 = Release|x86
		{351FCF1A-1EA4-4F59-9361-18237605D81B}.Release|Any CPU.Deploy.0 = Release|x86
		{351FCF1A-1EA4-4F59-9361-18237605D81B}.Release|ARM.ActiveCfg = Release|ARM
		{351FCF1A-1EA4-4F59-9361-18237605D81B}.Release|ARM.Build.0 = Release|ARM
		{351FCF1A-1EA4-4F59-9361-18237605D81B}.Release|ARM.Deploy.0 = Release|ARM
		{351FCF1A-1EA4-4F59-9361-18237605D81B}.Release|iPhone.ActiveCfg = Release|x86
		{351FCF1A-1EA4-4F59-9361-18237605D81B}.Release|iPhone.Build.0 = Release|x86
		{351FCF1A-1EA4-4F59-9361-18237605D81B}.Release|iPhone.Deploy.0 = Release|x86
		{351FCF1A-1EA4-4F59-9361-18237605D81B}.Release|iPhoneSimulator.ActiveCfg = Release|x86
		{351FCF1A-1EA4-4F59-9361-18237605D81B}.Release|iPhoneSimulator.Build.0 = Release|x86
		{351FCF1A-1EA4-4F59-9361-18237605D81B}.Release|iPhoneSimulator.Deploy.0 = Release|x86
		{351FCF1A-1EA4-4F59-9361-18237605D81B}.Release|x64.ActiveCfg = Release|x64
		{351FCF1A-1EA4-4F59-9361-18237605D81B}.Release|x64.Build.0 = Release|x64
		{351FCF1A-1EA4-4F59-9361-18237605D81B}.Release|x64.Deploy.0 = Release|x64
		{351FCF1A-1EA4-4F59-9361-18237605D81B}.Release|x86.ActiveCfg = Release|x86
		{351FCF1A-1EA4-4F59-9361-18237605D81B}.Release|x86.Build.0 = Release|x86
		{351FCF1A-1EA4-4F59-9361-18237605D81B}.Release|x86.Deploy.0 = Release|x86
		{8CC1F829-707F-4C2F-8F0C-34B40687569B}.Debug|Any CPU.ActiveCfg = Debug|Any CPU
		{8CC1F829-707F-4C2F-8F0C-34B40687569B}.Debug|Any CPU.Build.0 = Debug|Any CPU
		{8CC1F829-707F-4C2F-8F0C-34B40687569B}.Debug|Any CPU.Deploy.0 = Debug|Any CPU
		{8CC1F829-707F-4C2F-8F0C-34B40687569B}.Debug|ARM.ActiveCfg = Debug|Any CPU
		{8CC1F829-707F-4C2F-8F0C-34B40687569B}.Debug|ARM.Build.0 = Debug|Any CPU
		{8CC1F829-707F-4C2F-8F0C-34B40687569B}.Debug|ARM.Deploy.0 = Debug|Any CPU
		{8CC1F829-707F-4C2F-8F0C-34B40687569B}.Debug|iPhone.ActiveCfg = Debug|Any CPU
		{8CC1F829-707F-4C2F-8F0C-34B40687569B}.Debug|iPhone.Build.0 = Debug|Any CPU
		{8CC1F829-707F-4C2F-8F0C-34B40687569B}.Debug|iPhone.Deploy.0 = Debug|Any CPU
		{8CC1F829-707F-4C2F-8F0C-34B40687569B}.Debug|iPhoneSimulator.ActiveCfg = Debug|Any CPU
		{8CC1F829-707F-4C2F-8F0C-34B40687569B}.Debug|iPhoneSimulator.Build.0 = Debug|Any CPU
		{8CC1F829-707F-4C2F-8F0C-34B40687569B}.Debug|iPhoneSimulator.Deploy.0 = Debug|Any CPU
		{8CC1F829-707F-4C2F-8F0C-34B40687569B}.Debug|x64.ActiveCfg = Debug|Any CPU
		{8CC1F829-707F-4C2F-8F0C-34B40687569B}.Debug|x64.Build.0 = Debug|Any CPU
		{8CC1F829-707F-4C2F-8F0C-34B40687569B}.Debug|x64.Deploy.0 = Debug|Any CPU
		{8CC1F829-707F-4C2F-8F0C-34B40687569B}.Debug|x86.ActiveCfg = Debug|Any CPU
		{8CC1F829-707F-4C2F-8F0C-34B40687569B}.Debug|x86.Build.0 = Debug|Any CPU
		{8CC1F829-707F-4C2F-8F0C-34B40687569B}.Debug|x86.Deploy.0 = Debug|Any CPU
		{8CC1F829-707F-4C2F-8F0C-34B40687569B}.Release|Any CPU.ActiveCfg = Release|Any CPU
		{8CC1F829-707F-4C2F-8F0C-34B40687569B}.Release|Any CPU.Build.0 = Release|Any CPU
		{8CC1F829-707F-4C2F-8F0C-34B40687569B}.Release|Any CPU.Deploy.0 = Release|Any CPU
		{8CC1F829-707F-4C2F-8F0C-34B40687569B}.Release|ARM.ActiveCfg = Release|Any CPU
		{8CC1F829-707F-4C2F-8F0C-34B40687569B}.Release|ARM.Build.0 = Release|Any CPU
		{8CC1F829-707F-4C2F-8F0C-34B40687569B}.Release|ARM.Deploy.0 = Release|Any CPU
		{8CC1F829-707F-4C2F-8F0C-34B40687569B}.Release|iPhone.ActiveCfg = Release|Any CPU
		{8CC1F829-707F-4C2F-8F0C-34B40687569B}.Release|iPhone.Build.0 = Release|Any CPU
		{8CC1F829-707F-4C2F-8F0C-34B40687569B}.Release|iPhone.Deploy.0 = Release|Any CPU
		{8CC1F829-707F-4C2F-8F0C-34B40687569B}.Release|iPhoneSimulator.ActiveCfg = Release|Any CPU
		{8CC1F829-707F-4C2F-8F0C-34B40687569B}.Release|iPhoneSimulator.Build.0 = Release|Any CPU
		{8CC1F829-707F-4C2F-8F0C-34B40687569B}.Release|iPhoneSimulator.Deploy.0 = Release|Any CPU
		{8CC1F829-707F-4C2F-8F0C-34B40687569B}.Release|x64.ActiveCfg = Release|Any CPU
		{8CC1F829-707F-4C2F-8F0C-34B40687569B}.Release|x64.Build.0 = Release|Any CPU
		{8CC1F829-707F-4C2F-8F0C-34B40687569B}.Release|x64.Deploy.0 = Release|Any CPU
		{8CC1F829-707F-4C2F-8F0C-34B40687569B}.Release|x86.ActiveCfg = Release|Any CPU
		{8CC1F829-707F-4C2F-8F0C-34B40687569B}.Release|x86.Build.0 = Release|Any CPU
		{8CC1F829-707F-4C2F-8F0C-34B40687569B}.Release|x86.Deploy.0 = Release|Any CPU
		{589EED2A-0D71-4B62-9FA0-D2F019308D65}.Debug|Any CPU.ActiveCfg = Debug|iPhone
		{589EED2A-0D71-4B62-9FA0-D2F019308D65}.Debug|Any CPU.Build.0 = Debug|iPhone
		{589EED2A-0D71-4B62-9FA0-D2F019308D65}.Debug|Any CPU.Deploy.0 = Debug|iPhone
		{589EED2A-0D71-4B62-9FA0-D2F019308D65}.Debug|ARM.ActiveCfg = Debug|iPhone
		{589EED2A-0D71-4B62-9FA0-D2F019308D65}.Debug|ARM.Build.0 = Debug|iPhone
		{589EED2A-0D71-4B62-9FA0-D2F019308D65}.Debug|ARM.Deploy.0 = Debug|iPhone
		{589EED2A-0D71-4B62-9FA0-D2F019308D65}.Debug|iPhone.ActiveCfg = Debug|iPhone
		{589EED2A-0D71-4B62-9FA0-D2F019308D65}.Debug|iPhone.Build.0 = Debug|iPhone
		{589EED2A-0D71-4B62-9FA0-D2F019308D65}.Debug|iPhone.Deploy.0 = Debug|iPhone
		{589EED2A-0D71-4B62-9FA0-D2F019308D65}.Debug|iPhoneSimulator.ActiveCfg = Debug|iPhoneSimulator
		{589EED2A-0D71-4B62-9FA0-D2F019308D65}.Debug|iPhoneSimulator.Build.0 = Debug|iPhoneSimulator
		{589EED2A-0D71-4B62-9FA0-D2F019308D65}.Debug|iPhoneSimulator.Deploy.0 = Debug|iPhoneSimulator
		{589EED2A-0D71-4B62-9FA0-D2F019308D65}.Debug|x64.ActiveCfg = Debug|iPhone
		{589EED2A-0D71-4B62-9FA0-D2F019308D65}.Debug|x64.Build.0 = Debug|iPhone
		{589EED2A-0D71-4B62-9FA0-D2F019308D65}.Debug|x64.Deploy.0 = Debug|iPhone
		{589EED2A-0D71-4B62-9FA0-D2F019308D65}.Debug|x86.ActiveCfg = Debug|iPhone
		{589EED2A-0D71-4B62-9FA0-D2F019308D65}.Debug|x86.Build.0 = Debug|iPhone
		{589EED2A-0D71-4B62-9FA0-D2F019308D65}.Debug|x86.Deploy.0 = Debug|iPhone
		{589EED2A-0D71-4B62-9FA0-D2F019308D65}.Release|Any CPU.ActiveCfg = Release|iPhone
		{589EED2A-0D71-4B62-9FA0-D2F019308D65}.Release|Any CPU.Build.0 = Release|iPhone
		{589EED2A-0D71-4B62-9FA0-D2F019308D65}.Release|Any CPU.Deploy.0 = Release|iPhone
		{589EED2A-0D71-4B62-9FA0-D2F019308D65}.Release|ARM.ActiveCfg = Release|iPhone
		{589EED2A-0D71-4B62-9FA0-D2F019308D65}.Release|ARM.Build.0 = Release|iPhone
		{589EED2A-0D71-4B62-9FA0-D2F019308D65}.Release|ARM.Deploy.0 = Release|iPhone
		{589EED2A-0D71-4B62-9FA0-D2F019308D65}.Release|iPhone.ActiveCfg = Release|iPhone
		{589EED2A-0D71-4B62-9FA0-D2F019308D65}.Release|iPhone.Build.0 = Release|iPhone
		{589EED2A-0D71-4B62-9FA0-D2F019308D65}.Release|iPhone.Deploy.0 = Release|iPhone
		{589EED2A-0D71-4B62-9FA0-D2F019308D65}.Release|iPhoneSimulator.ActiveCfg = Release|iPhoneSimulator
		{589EED2A-0D71-4B62-9FA0-D2F019308D65}.Release|iPhoneSimulator.Build.0 = Release|iPhoneSimulator
		{589EED2A-0D71-4B62-9FA0-D2F019308D65}.Release|iPhoneSimulator.Deploy.0 = Release|iPhoneSimulator
		{589EED2A-0D71-4B62-9FA0-D2F019308D65}.Release|x64.ActiveCfg = Release|iPhone
		{589EED2A-0D71-4B62-9FA0-D2F019308D65}.Release|x64.Build.0 = Release|iPhone
		{589EED2A-0D71-4B62-9FA0-D2F019308D65}.Release|x64.Deploy.0 = Release|iPhone
		{589EED2A-0D71-4B62-9FA0-D2F019308D65}.Release|x86.ActiveCfg = Release|iPhone
		{589EED2A-0D71-4B62-9FA0-D2F019308D65}.Release|x86.Build.0 = Release|iPhone
		{589EED2A-0D71-4B62-9FA0-D2F019308D65}.Release|x86.Deploy.0 = Release|iPhone
		{CDD052E1-A5D0-4D83-9E85-85248498228D}.Debug|Any CPU.ActiveCfg = Debug|Any CPU
		{CDD052E1-A5D0-4D83-9E85-85248498228D}.Debug|Any CPU.Build.0 = Debug|Any CPU
		{CDD052E1-A5D0-4D83-9E85-85248498228D}.Debug|Any CPU.Deploy.0 = Debug|Any CPU
		{CDD052E1-A5D0-4D83-9E85-85248498228D}.Debug|ARM.ActiveCfg = Debug|Any CPU
		{CDD052E1-A5D0-4D83-9E85-85248498228D}.Debug|ARM.Build.0 = Debug|Any CPU
		{CDD052E1-A5D0-4D83-9E85-85248498228D}.Debug|ARM.Deploy.0 = Debug|Any CPU
		{CDD052E1-A5D0-4D83-9E85-85248498228D}.Debug|iPhone.ActiveCfg = Debug|Any CPU
		{CDD052E1-A5D0-4D83-9E85-85248498228D}.Debug|iPhone.Build.0 = Debug|Any CPU
		{CDD052E1-A5D0-4D83-9E85-85248498228D}.Debug|iPhone.Deploy.0 = Debug|Any CPU
		{CDD052E1-A5D0-4D83-9E85-85248498228D}.Debug|iPhoneSimulator.ActiveCfg = Debug|Any CPU
		{CDD052E1-A5D0-4D83-9E85-85248498228D}.Debug|iPhoneSimulator.Build.0 = Debug|Any CPU
		{CDD052E1-A5D0-4D83-9E85-85248498228D}.Debug|iPhoneSimulator.Deploy.0 = Debug|Any CPU
		{CDD052E1-A5D0-4D83-9E85-85248498228D}.Debug|x64.ActiveCfg = Debug|Any CPU
		{CDD052E1-A5D0-4D83-9E85-85248498228D}.Debug|x64.Build.0 = Debug|Any CPU
		{CDD052E1-A5D0-4D83-9E85-85248498228D}.Debug|x64.Deploy.0 = Debug|Any CPU
		{CDD052E1-A5D0-4D83-9E85-85248498228D}.Debug|x86.ActiveCfg = Debug|Any CPU
		{CDD052E1-A5D0-4D83-9E85-85248498228D}.Debug|x86.Build.0 = Debug|Any CPU
		{CDD052E1-A5D0-4D83-9E85-85248498228D}.Debug|x86.Deploy.0 = Debug|Any CPU
		{CDD052E1-A5D0-4D83-9E85-85248498228D}.Release|Any CPU.ActiveCfg = Release|Any CPU
		{CDD052E1-A5D0-4D83-9E85-85248498228D}.Release|Any CPU.Build.0 = Release|Any CPU
		{CDD052E1-A5D0-4D83-9E85-85248498228D}.Release|Any CPU.Deploy.0 = Release|Any CPU
		{CDD052E1-A5D0-4D83-9E85-85248498228D}.Release|ARM.ActiveCfg = Release|Any CPU
		{CDD052E1-A5D0-4D83-9E85-85248498228D}.Release|ARM.Build.0 = Release|Any CPU
		{CDD052E1-A5D0-4D83-9E85-85248498228D}.Release|ARM.Deploy.0 = Release|Any CPU
		{CDD052E1-A5D0-4D83-9E85-85248498228D}.Release|iPhone.ActiveCfg = Release|Any CPU
		{CDD052E1-A5D0-4D83-9E85-85248498228D}.Release|iPhone.Build.0 = Release|Any CPU
		{CDD052E1-A5D0-4D83-9E85-85248498228D}.Release|iPhone.Deploy.0 = Release|Any CPU
		{CDD052E1-A5D0-4D83-9E85-85248498228D}.Release|iPhoneSimulator.ActiveCfg = Release|Any CPU
		{CDD052E1-A5D0-4D83-9E85-85248498228D}.Release|iPhoneSimulator.Build.0 = Release|Any CPU
		{CDD052E1-A5D0-4D83-9E85-85248498228D}.Release|iPhoneSimulator.Deploy.0 = Release|Any CPU
		{CDD052E1-A5D0-4D83-9E85-85248498228D}.Release|x64.ActiveCfg = Release|Any CPU
		{CDD052E1-A5D0-4D83-9E85-85248498228D}.Release|x64.Build.0 = Release|Any CPU
		{CDD052E1-A5D0-4D83-9E85-85248498228D}.Release|x64.Deploy.0 = Release|Any CPU
		{CDD052E1-A5D0-4D83-9E85-85248498228D}.Release|x86.ActiveCfg = Release|Any CPU
		{CDD052E1-A5D0-4D83-9E85-85248498228D}.Release|x86.Build.0 = Release|Any CPU
		{CDD052E1-A5D0-4D83-9E85-85248498228D}.Release|x86.Deploy.0 = Release|Any CPU
	EndGlobalSection
	GlobalSection(SolutionProperties) = preSolution
		HideSolutionNode = FALSE
	EndGlobalSection
	GlobalSection(ExtensibilityGlobals) = postSolution
		SolutionGuid = {3345E2E4-6D5E-47FD-998A-6296A3BB5145}
	EndGlobalSection
EndGlobal
